<?xml version="1.0" encoding="utf-8"?>
<Project ToolsVersion="4.0" xmlns="http://schemas.microsoft.com/developer/msbuild/2003">
  <ItemGroup>
    <Filter Include="osHandler">
      <UniqueIdentifier>{1830ba98-dff2-4bc1-adaf-229ebbf727dc}</UniqueIdentifier>
    </Filter>
    <Filter Include="fileSystem">
      <UniqueIdentifier>{491c210f-e637-43be-979e-4cfe6cc3f8a4}</UniqueIdentifier>
    </Filter>
    <Filter Include="fileSystem\windows">
      <UniqueIdentifier>{3b961a49-c1e9-4988-b30e-be8410d81e4c}</UniqueIdentifier>
    </Filter>
    <Filter Include="osHandler\windows">
      <UniqueIdentifier>{2d373fb4-3dd8-42e1-bb9d-665e84312ab8}</UniqueIdentifier>
    </Filter>
  </ItemGroup>
  <ItemGroup>
    <ClCompile Include="..\..\..\src\code\revPlatform\fileSystem\windows\fileSystemWindows.cpp">
      <Filter>fileSystem\windows</Filter>
    </ClCompile>
    <ClCompile Include="..\..\..\src\code\revPlatform\osHandler\windows\osHandlerWindows.cpp">
      <Filter>osHandler\windows</Filter>
    </ClCompile>
  </ItemGroup>
  <ItemGroup>
    <ClInclude Include="..\..\..\src\code\revPlatform\fileSystem\windows\fileSystemWindows.h">
      <Filter>fileSystem\windows</Filter>
    </ClInclude>
    <ClInclude Include="..\..\..\src\code\revPlatform\fileSystem\fileSystem.h">
      <Filter>fileSystem</Filter>
    </ClInclude>
    <ClInclude Include="..\..\..\src\code\revPlatform\osHandler\osHandler.h">
      <Filter>osHandler</Filter>
    </ClInclude>
    <ClInclude Include="..\..\..\src\code\revPlatform\osHandler\windows\osHandlerWindows.h">
      <Filter>osHandler\windows</Filter>
    </ClInclude>
  </ItemGroup>
</Project>