<?xml version="1.0" encoding="utf-8"?>
<Project ToolsVersion="4.0" xmlns="http://schemas.microsoft.com/developer/msbuild/2003">
  <ItemGroup>
    <Filter Include="code">
      <UniqueIdentifier>{51684172-0c61-4e7a-a4fd-f5bc9486c3c2}</UniqueIdentifier>
    </Filter>
    <Filter Include="code\windows">
      <UniqueIdentifier>{f6f01bfe-6d9b-4841-8833-3625ebcef49e}</UniqueIdentifier>
    </Filter>
    <Filter Include="code\camera">
      <UniqueIdentifier>{0416aa03-3a7c-4a80-887f-bb2d8d398f90}</UniqueIdentifier>
    </Filter>
    <Filter Include="code\buggy">
      <UniqueIdentifier>{358ea4f4-7ba0-49e4-a28e-e3e1af913718}</UniqueIdentifier>
    </Filter>
  </ItemGroup>
  <ItemGroup>
    <ClCompile Include="..\..\..\code\windows\main.cpp">
      <Filter>code\windows</Filter>
    </ClCompile>
    <ClCompile Include="..\..\..\code\gameclient.cpp">
      <Filter>code</Filter>
    </ClCompile>
    <ClCompile Include="..\..\..\code\camera\aerialCamera.cpp">
      <Filter>code\camera</Filter>
    </ClCompile>
    <ClCompile Include="..\..\..\code\buggy\buggy.cpp">
      <Filter>code\buggy</Filter>
    </ClCompile>
  </ItemGroup>
  <ItemGroup>
    <ClInclude Include="..\..\..\code\gameclient.h">
      <Filter>code</Filter>
    </ClInclude>
    <ClInclude Include="..\..\..\code\camera\aerialCamera.h">
      <Filter>code\camera</Filter>
    </ClInclude>
    <ClInclude Include="..\..\..\code\buggy\buggy.h">
      <Filter>code\buggy</Filter>
    </ClInclude>
  </ItemGroup>
</Project>