<?xml version="1.0" encoding="utf-8"?>
<Project ToolsVersion="4.0" xmlns="http://schemas.microsoft.com/developer/msbuild/2003">
  <ItemGroup>
    <Filter Include="src">
      <UniqueIdentifier>{d2da755c-3f29-4403-9f82-ae0271e299c6}</UniqueIdentifier>
    </Filter>
    <Filter Include="src\core">
      <UniqueIdentifier>{c644b91b-efed-4e66-8d26-4013b058ce42}</UniqueIdentifier>
    </Filter>
    <Filter Include="src\core\memory">
      <UniqueIdentifier>{bed76eb2-d729-4674-9978-a8faee6fe5b4}</UniqueIdentifier>
    </Filter>
    <Filter Include="src\video">
      <UniqueIdentifier>{473e9436-9f9f-4b22-baea-0c58c6c0ab23}</UniqueIdentifier>
    </Filter>
    <Filter Include="src\video\graphics">
      <UniqueIdentifier>{ac2d982e-e08f-46dd-8e81-ab0d4cf64b8d}</UniqueIdentifier>
    </Filter>
    <Filter Include="src\video\graphics\driver">
      <UniqueIdentifier>{a0754ce1-bcac-41e5-90f7-c13e32f8c05a}</UniqueIdentifier>
    </Filter>
    <Filter Include="src\core\platform">
      <UniqueIdentifier>{01938533-6d54-46a1-96ff-d02e6bdf75bf}</UniqueIdentifier>
    </Filter>
    <Filter Include="src\video\window">
      <UniqueIdentifier>{b6c98265-48c1-4aa4-96cb-f010953c9dfc}</UniqueIdentifier>
    </Filter>
    <Filter Include="src\math">
      <UniqueIdentifier>{a449d2f9-8897-424a-bed2-5a7ffb54e0e7}</UniqueIdentifier>
    </Filter>
    <Filter Include="src\math\algebra">
      <UniqueIdentifier>{9f89620c-aa46-4db1-8812-11fe3fca501b}</UniqueIdentifier>
    </Filter>
    <Filter Include="src\video\window\windows">
      <UniqueIdentifier>{00d10985-9105-4952-9403-cf70d57f5595}</UniqueIdentifier>
    </Filter>
    <Filter Include="src\core\platform\windows">
      <UniqueIdentifier>{f4d3d0cc-abdd-485b-b861-c42fdf33d0dc}</UniqueIdentifier>
    </Filter>
    <Filter Include="src\core\containers">
      <UniqueIdentifier>{dfe34c1a-f19e-47ad-8aa5-b7618db36252}</UniqueIdentifier>
    </Filter>
    <Filter Include="src\video\graphics\driver\openGL">
      <UniqueIdentifier>{edb3780c-a98f-474a-8f53-2a1f3ccec137}</UniqueIdentifier>
    </Filter>
    <Filter Include="src\video\graphics\driver\directX">
      <UniqueIdentifier>{7b76c696-7704-4810-8557-108e74a92c05}</UniqueIdentifier>
    </Filter>
    <Filter Include="src\video\basicTypes">
      <UniqueIdentifier>{8d09b94f-dba2-4a98-b526-454258e08861}</UniqueIdentifier>
    </Filter>
    <Filter Include="src\video\graphics\driver\openGL\windows">
      <UniqueIdentifier>{21674a41-c36e-4b8e-a100-75b84b567638}</UniqueIdentifier>
    </Filter>
    <Filter Include="src\video\graphics\shader">
      <UniqueIdentifier>{f71a65c2-2cd1-4266-b900-14b5b1569c1c}</UniqueIdentifier>
    </Filter>
    <Filter Include="src\video\graphics\shader\openGL">
      <UniqueIdentifier>{bdde83ec-408f-413c-9572-82c4221ba5a3}</UniqueIdentifier>
    </Filter>
    <Filter Include="src\video\graphics\renderer">
      <UniqueIdentifier>{b4c5805b-d870-4c60-9a94-921f34517d33}</UniqueIdentifier>
    </Filter>
    <Filter Include="src\video\graphics\renderer\backend">
      <UniqueIdentifier>{da008397-3b92-4190-af72-799293d85199}</UniqueIdentifier>
    </Filter>
  </ItemGroup>
  <ItemGroup>
    <ClInclude Include="..\..\src\engine.h">
      <Filter>src</Filter>
    </ClInclude>
    <ClInclude Include="..\..\src\core\memory\stdAllocator.h">
      <Filter>src\core\memory</Filter>
    </ClInclude>
    <ClInclude Include="..\..\src\video\window\window.h">
      <Filter>src\video\window</Filter>
    </ClInclude>
    <ClInclude Include="..\..\src\math\algebra\vector.h">
      <Filter>src\math\algebra</Filter>
    </ClInclude>
    <ClInclude Include="..\..\src\video\window\windows\windowWindows.h">
      <Filter>src\video\window\windows</Filter>
    </ClInclude>
    <ClInclude Include="..\..\src\core\platform\osHandler.h">
      <Filter>src\core\platform</Filter>
    </ClInclude>
    <ClInclude Include="..\..\src\core\platform\windows\osHandlerWindows.h">
      <Filter>src\core\platform\windows</Filter>
    </ClInclude>
    <ClInclude Include="..\..\src\core\memory\newAllocator.h">
      <Filter>src\core\memory</Filter>
    </ClInclude>
    <ClInclude Include="..\..\src\core\platform\platform.h">
      <Filter>src\core\platform</Filter>
    </ClInclude>
    <ClInclude Include="..\..\src\core\containers\vector.h">
      <Filter>src\core\containers</Filter>
    </ClInclude>
    <ClInclude Include="..\..\src\core\memory\defaultAllocator.h">
      <Filter>src\core\memory</Filter>
    </ClInclude>
    <ClInclude Include="..\..\src\core\memory\systemMemory.h">
      <Filter>src\core\memory</Filter>
    </ClInclude>
    <ClInclude Include="..\..\src\video\graphics\driver\graphicsDriver.h">
      <Filter>src\video\graphics\driver</Filter>
    </ClInclude>
    <ClInclude Include="..\..\src\math\algebra\matrix.h">
      <Filter>src\math\algebra</Filter>
    </ClInclude>
    <ClInclude Include="..\..\src\video\graphics\driver\openGL\openGLDriver.h">
      <Filter>src\video\graphics\driver\openGL</Filter>
    </ClInclude>
    <ClInclude Include="..\..\src\video\basicTypes\color.h">
      <Filter>src\video\basicTypes</Filter>
    </ClInclude>
    <ClInclude Include="..\..\src\core\containers\map.h">
      <Filter>src\core\containers</Filter>
    </ClInclude>
    <ClInclude Include="..\..\src\video\graphics\driver\openGL\windows\openGLDriverWindows.h">
      <Filter>src\video\graphics\driver\openGL\windows</Filter>
    </ClInclude>
    <ClInclude Include="..\..\src\video\graphics\shader\shader.h">
      <Filter>src\video\graphics\shader</Filter>
    </ClInclude>
    <ClInclude Include="..\..\src\video\graphics\shader\openGL\openGLShader.h">
      <Filter>src\video\graphics\shader\openGL</Filter>
    </ClInclude>
    <ClInclude Include="..\..\src\video\graphics\renderer\backend\rendererBackEnd.h">
      <Filter>src\video\graphics\renderer\backend</Filter>
    </ClInclude>
    <ClInclude Include="..\..\src\core\containers\resourceManager.h">
      <Filter>src\core\containers</Filter>
    </ClInclude>
  </ItemGroup>
  <ItemGroup>
    <None Include="..\..\src\core\memory\stdAllocator.inl">
      <Filter>src\core\memory</Filter>
    </None>
    <None Include="..\..\src\engine.inl">
      <Filter>src</Filter>
    </None>
    <None Include="..\..\src\math\algebra\vector.inl">
      <Filter>src\math\algebra</Filter>
    </None>
    <None Include="..\..\src\core\platform\osHandler.inl">
      <Filter>src\core\platform</Filter>
    </None>
    <None Include="..\..\src\core\memory\newAllocator.inl">
      <Filter>src\core\memory</Filter>
    </None>
    <None Include="..\..\src\core\memory\systemMemory.inl">
      <Filter>src\core\memory</Filter>
    </None>
    <None Include="..\..\src\core\memory\defaultAllocator.inl">
      <Filter>src\core\memory</Filter>
    </None>
    <None Include="..\..\src\core\platform\platform.inl">
      <Filter>src\core\platform</Filter>
    </None>
    <None Include="..\..\src\math\algebra\matrix.inl">
      <Filter>src\math\algebra</Filter>
    </None>
  </ItemGroup>
  <ItemGroup>
    <ClCompile Include="..\..\src\video\window\windows\windowWindows.cpp">
      <Filter>src\video\window\windows</Filter>
    </ClCompile>
    <ClCompile Include="..\..\src\core\platform\osHandler.cpp">
      <Filter>src\core\platform</Filter>
    </ClCompile>
    <ClCompile Include="..\..\src\core\platform\windows\osHandlerWindows.cpp">
      <Filter>src\core\platform\windows</Filter>
    </ClCompile>
    <ClCompile Include="..\..\src\core\memory\systemMemory.cpp">
      <Filter>src\core\memory</Filter>
    </ClCompile>
    <ClCompile Include="..\..\src\video\graphics\driver\openGL\openGLDriver.cpp">
      <Filter>src\video\graphics\driver\openGL</Filter>
    </ClCompile>
    <ClCompile Include="..\..\src\video\graphics\driver\openGL\windows\openGLDriverWindows.cpp">
      <Filter>src\video\graphics\driver\openGL\windows</Filter>
    </ClCompile>
    <ClCompile Include="..\..\src\video\graphics\renderer\backend\rendererBackEnd.cpp">
      <Filter>src\video\graphics\renderer\backend</Filter>
    </ClCompile>
  </ItemGroup>
</Project>