
Microsoft Visual Studio Solution File, Format Version 11.00
# Visual C++ Express 2010
Project("{8BC9CEB8-8B4A-11D0-8D11-00A0C91BC942}") = "terrainGen", "terrainGen.vcxproj", "{B80C22CF-0FCA-4D7B-9F43-1806FA3F31EC}"
EndProject
Project("{8BC9CEB8-8B4A-11D0-8D11-00A0C91BC942}") = "rev", "..\..\..\..\..\engine\src\project\windows\rev.vcxproj", "{396F5795-7C55-4467-B80B-82388C96A253}"
EndProject
Global
	GlobalSection(SolutionConfigurationPlatforms) = preSolution
		Debug|Win32 = Debug|Win32
		Profiling|Win32 = Profiling|Win32
		Release|Win32 = Release|Win32
	EndGlobalSection
	GlobalSection(ProjectConfigurationPlatforms) = postSolution
		{B80C22CF-0FCA-4D7B-9F43-1806FA3F31EC}.Debug|Win32.ActiveCfg = Debug|Win32
		{B80C22CF-0FCA-4D7B-9F43-1806FA3F31EC}.Debug|Win32.Build.0 = Debug|Win32
		{B80C22CF-0FCA-4D7B-9F43-1806FA3F31EC}.Profiling|Win32.ActiveCfg = Release|Win32
		{B80C22CF-0FCA-4D7B-9F43-1806FA3F31EC}.Profiling|Win32.Build.0 = Release|Win32
		{B80C22CF-0FCA-4D7B-9F43-1806FA3F31EC}.Release|Win32.ActiveCfg = Release|Win32
		{B80C22CF-0FCA-4D7B-9F43-1806FA3F31EC}.Release|Win32.Build.0 = Release|Win32
		{396F5795-7C55-4467-B80B-82388C96A253}.Debug|Win32.ActiveCfg = Debug|Win32
		{396F5795-7C55-4467-B80B-82388C96A253}.Debug|Win32.Build.0 = Debug|Win32
		{396F5795-7C55-4467-B80B-82388C96A253}.Profiling|Win32.ActiveCfg = Profiling|Win32
		{396F5795-7C55-4467-B80B-82388C96A253}.Profiling|Win32.Build.0 = Profiling|Win32
		{396F5795-7C55-4467-B80B-82388C96A253}.Release|Win32.ActiveCfg = Release|Win32
		{396F5795-7C55-4467-B80B-82388C96A253}.Release|Win32.Build.0 = Release|Win32
	EndGlobalSection
	GlobalSection(SolutionProperties) = preSolution
		HideSolutionNode = FALSE
	EndGlobalSection
EndGlobal
