<?xml version="1.0" encoding="utf-8"?>
<Project ToolsVersion="4.0" xmlns="http://schemas.microsoft.com/developer/msbuild/2003">
  <ItemGroup>
    <Filter Include="code">
      <UniqueIdentifier>{c518d041-d4b6-40fc-a2ba-e26533219f89}</UniqueIdentifier>
    </Filter>
    <Filter Include="code\windows">
      <UniqueIdentifier>{0f07d3e0-70e9-41ac-86dd-0378bebc0154}</UniqueIdentifier>
    </Filter>
    <Filter Include="code\gameClient">
      <UniqueIdentifier>{e0b182c5-8336-479e-8846-f1e06a5348b5}</UniqueIdentifier>
    </Filter>
  </ItemGroup>
  <ItemGroup>
    <ClCompile Include="..\..\code\windows\main.cpp">
      <Filter>code\windows</Filter>
    </ClCompile>
    <ClCompile Include="..\..\code\gameClient\gameClient.cpp">
      <Filter>code\gameClient</Filter>
    </ClCompile>
  </ItemGroup>
  <ItemGroup>
    <ClInclude Include="..\..\code\gameClient\gameClient.h">
      <Filter>code\gameClient</Filter>
    </ClInclude>
  </ItemGroup>
</Project>