<?xml version="1.0" encoding="utf-8"?>
<Project ToolsVersion="4.0" xmlns="http://schemas.microsoft.com/developer/msbuild/2003">
  <ItemGroup>
    <Filter Include="math">
      <UniqueIdentifier>{97b370e9-72d3-4eb8-96de-1ed25b4a171f}</UniqueIdentifier>
    </Filter>
    <Filter Include="script">
      <UniqueIdentifier>{ee6c5bdc-defd-4c6c-a0c1-80e5af21b157}</UniqueIdentifier>
    </Filter>
    <Filter Include="time">
      <UniqueIdentifier>{b71286fe-7ea1-4388-a582-a5f390c0cdd5}</UniqueIdentifier>
    </Filter>
    <Filter Include="script\virtualMachine">
      <UniqueIdentifier>{f3df95c3-8342-4305-b3cb-88bc4eab325a}</UniqueIdentifier>
    </Filter>
    <Filter Include="codeTools">
      <UniqueIdentifier>{ae7cc409-79f5-443a-8f8b-094058758b28}</UniqueIdentifier>
    </Filter>
    <Filter Include="codeTools\assert">
      <UniqueIdentifier>{9b36d2c0-8c12-44be-9e33-0c7743263f2b}</UniqueIdentifier>
    </Filter>
    <Filter Include="codeTools\log">
      <UniqueIdentifier>{c5368e4d-d530-4371-95da-d83ea2b03c91}</UniqueIdentifier>
    </Filter>
  </ItemGroup>
  <ItemGroup>
    <ClInclude Include="..\..\..\src\codeTools\log\log.h">
      <Filter>codeTools\log</Filter>
    </ClInclude>
    <ClInclude Include="..\..\..\src\codeTools\usefulMacros.h">
      <Filter>codeTools</Filter>
    </ClInclude>
    <ClInclude Include="..\..\..\src\codeTools\stringUtils.h">
      <Filter>codeTools</Filter>
    </ClInclude>
  </ItemGroup>
  <ItemGroup>
    <ClCompile Include="..\..\..\src\codeTools\log\log.cpp">
      <Filter>codeTools\log</Filter>
    </ClCompile>
  </ItemGroup>
</Project>