
Microsoft Visual Studio Solution File, Format Version 11.00
# Visual C++ Express 2010
Project("{8BC9CEB8-8B4A-11D0-8D11-00A0C91BC942}") = "rose", "rose.vcxproj", "{496F6788-D23B-47CC-AE15-A284E2D5364D}"
EndProject
Project("{8BC9CEB8-8B4A-11D0-8D11-00A0C91BC942}") = "revCore", "..\..\..\..\..\modules\core\prj\windows\visualStudio2010\revCore.vcxproj", "{6C37FF39-0EA3-4EDA-9C56-017695195AF4}"
EndProject
Project("{8BC9CEB8-8B4A-11D0-8D11-00A0C91BC942}") = "revVideo", "..\..\..\..\..\modules\midLevel\video\prj\windows\vs10\revVideo.vcxproj", "{C3C20971-94D9-409E-9587-399A32A6A9B0}"
EndProject
Global
	GlobalSection(SolutionConfigurationPlatforms) = preSolution
		Debug|Win32 = Debug|Win32
		Release|Win32 = Release|Win32
	EndGlobalSection
	GlobalSection(ProjectConfigurationPlatforms) = postSolution
		{496F6788-D23B-47CC-AE15-A284E2D5364D}.Debug|Win32.ActiveCfg = Debug|Win32
		{496F6788-D23B-47CC-AE15-A284E2D5364D}.Debug|Win32.Build.0 = Debug|Win32
		{496F6788-D23B-47CC-AE15-A284E2D5364D}.Release|Win32.ActiveCfg = Release|Win32
		{496F6788-D23B-47CC-AE15-A284E2D5364D}.Release|Win32.Build.0 = Release|Win32
		{6C37FF39-0EA3-4EDA-9C56-017695195AF4}.Debug|Win32.ActiveCfg = Debug|Win32
		{6C37FF39-0EA3-4EDA-9C56-017695195AF4}.Debug|Win32.Build.0 = Debug|Win32
		{6C37FF39-0EA3-4EDA-9C56-017695195AF4}.Release|Win32.ActiveCfg = Release|Win32
		{6C37FF39-0EA3-4EDA-9C56-017695195AF4}.Release|Win32.Build.0 = Release|Win32
		{C3C20971-94D9-409E-9587-399A32A6A9B0}.Debug|Win32.ActiveCfg = Debug|Win32
		{C3C20971-94D9-409E-9587-399A32A6A9B0}.Debug|Win32.Build.0 = Debug|Win32
		{C3C20971-94D9-409E-9587-399A32A6A9B0}.Release|Win32.ActiveCfg = Release|Win32
		{C3C20971-94D9-409E-9587-399A32A6A9B0}.Release|Win32.Build.0 = Release|Win32
	EndGlobalSection
	GlobalSection(SolutionProperties) = preSolution
		HideSolutionNode = FALSE
	EndGlobalSection
EndGlobal
