<?xml version="1.0" encoding="utf-8"?>
<Project ToolsVersion="4.0" xmlns="http://schemas.microsoft.com/developer/msbuild/2003">
  <ItemGroup>
    <Filter Include="src">
      <UniqueIdentifier>{a45d3fdc-d28b-47fb-ad11-d7213b695dae}</UniqueIdentifier>
    </Filter>
    <Filter Include="src\agent">
      <UniqueIdentifier>{8ecb54fb-ca8c-402c-af24-bfdbcfbb5c18}</UniqueIdentifier>
    </Filter>
    <Filter Include="src\dataGrabber">
      <UniqueIdentifier>{5cd3eb82-87ce-4bfe-bf20-f978c52e7883}</UniqueIdentifier>
    </Filter>
    <Filter Include="src\simulation">
      <UniqueIdentifier>{5aac309c-b50f-426d-81e5-bfccb0cdeac3}</UniqueIdentifier>
    </Filter>
    <Filter Include="src\agent\vehicle">
      <UniqueIdentifier>{c5e504d2-cc79-402d-85ec-6da82f89c581}</UniqueIdentifier>
    </Filter>
    <Filter Include="src\agent\vehicle\2d">
      <UniqueIdentifier>{7adf1629-84e7-4d47-8580-2a0f69e18008}</UniqueIdentifier>
    </Filter>
    <Filter Include="src\agent\vehicle\2d\ackerman">
      <UniqueIdentifier>{58f90186-9bc7-4e10-9654-84dea5563125}</UniqueIdentifier>
    </Filter>
  </ItemGroup>
  <ItemGroup>
    <ClCompile Include="main.cpp">
      <Filter>src</Filter>
    </ClCompile>
  </ItemGroup>
  <ItemGroup>
    <ClInclude Include="..\..\..\src\agent\vehicle\2d\ackerman\ackerman2dVehicle.h">
      <Filter>src\agent\vehicle\2d\ackerman</Filter>
    </ClInclude>
    <ClInclude Include="..\..\..\src\agent\agent.h">
      <Filter>src\agent</Filter>
    </ClInclude>
  </ItemGroup>
</Project>