
Microsoft Visual Studio Solution File, Format Version 12.00
# Visual Studio Express 2012 for Windows Desktop
Project("{8BC9CEB8-8B4A-11D0-8D11-00A0C91BC942}") = "revCore", "..\..\..\..\..\modules\baseLevel\core\prj\windows\vs12\revCore.vcxproj", "{9EA9CC91-7BE3-4344-A760-DE9988C8970B}"
EndProject
Project("{8BC9CEB8-8B4A-11D0-8D11-00A0C91BC942}") = "revScript", "..\..\..\..\..\modules\baseLevel\script\prj\windows\vs12\revScript.vcxproj", "{1010DA05-36E5-4A28-97C3-C7D873810A21}"
EndProject
Project("{8BC9CEB8-8B4A-11D0-8D11-00A0C91BC942}") = "arduinoGround", "arduinoGround.vcxproj", "{4A2FD9D2-5774-49FD-93C1-5C9CDEF8D878}"
EndProject
Project("{8BC9CEB8-8B4A-11D0-8D11-00A0C91BC942}") = "revVideo", "..\..\..\..\..\modules\midLevel\video\prj\windows\vs12\revVideo.vcxproj", "{6A37958C-8072-43CA-AD17-A3FC5725068E}"
EndProject
Project("{8BC9CEB8-8B4A-11D0-8D11-00A0C91BC942}") = "canvas", "..\..\..\..\..\modules\highLevel\canvas\prj\windows\vs12\canvas.vcxproj", "{A3A80EEB-CE85-473F-A402-25186CCB4F5C}"
EndProject
Global
	GlobalSection(SolutionConfigurationPlatforms) = preSolution
		Debug|Win32 = Debug|Win32
		Release|Win32 = Release|Win32
	EndGlobalSection
	GlobalSection(ProjectConfigurationPlatforms) = postSolution
		{9EA9CC91-7BE3-4344-A760-DE9988C8970B}.Debug|Win32.ActiveCfg = Debug|Win32
		{9EA9CC91-7BE3-4344-A760-DE9988C8970B}.Debug|Win32.Build.0 = Debug|Win32
		{9EA9CC91-7BE3-4344-A760-DE9988C8970B}.Release|Win32.ActiveCfg = Release|Win32
		{9EA9CC91-7BE3-4344-A760-DE9988C8970B}.Release|Win32.Build.0 = Release|Win32
		{1010DA05-36E5-4A28-97C3-C7D873810A21}.Debug|Win32.ActiveCfg = Debug|Win32
		{1010DA05-36E5-4A28-97C3-C7D873810A21}.Debug|Win32.Build.0 = Debug|Win32
		{1010DA05-36E5-4A28-97C3-C7D873810A21}.Release|Win32.ActiveCfg = Release|Win32
		{1010DA05-36E5-4A28-97C3-C7D873810A21}.Release|Win32.Build.0 = Release|Win32
		{4A2FD9D2-5774-49FD-93C1-5C9CDEF8D878}.Debug|Win32.ActiveCfg = Debug|Win32
		{4A2FD9D2-5774-49FD-93C1-5C9CDEF8D878}.Debug|Win32.Build.0 = Debug|Win32
		{4A2FD9D2-5774-49FD-93C1-5C9CDEF8D878}.Release|Win32.ActiveCfg = Release|Win32
		{4A2FD9D2-5774-49FD-93C1-5C9CDEF8D878}.Release|Win32.Build.0 = Release|Win32
		{6A37958C-8072-43CA-AD17-A3FC5725068E}.Debug|Win32.ActiveCfg = Debug|Win32
		{6A37958C-8072-43CA-AD17-A3FC5725068E}.Debug|Win32.Build.0 = Debug|Win32
		{6A37958C-8072-43CA-AD17-A3FC5725068E}.Release|Win32.ActiveCfg = Release|Win32
		{6A37958C-8072-43CA-AD17-A3FC5725068E}.Release|Win32.Build.0 = Release|Win32
		{A3A80EEB-CE85-473F-A402-25186CCB4F5C}.Debug|Win32.ActiveCfg = Debug|Win32
		{A3A80EEB-CE85-473F-A402-25186CCB4F5C}.Debug|Win32.Build.0 = Debug|Win32
		{A3A80EEB-CE85-473F-A402-25186CCB4F5C}.Release|Win32.ActiveCfg = Release|Win32
		{A3A80EEB-CE85-473F-A402-25186CCB4F5C}.Release|Win32.Build.0 = Release|Win32
	EndGlobalSection
	GlobalSection(SolutionProperties) = preSolution
		HideSolutionNode = FALSE
	EndGlobalSection
EndGlobal
