
Microsoft Visual Studio Solution File, Format Version 12.00
# Visual Studio 15
VisualStudioVersion = 15.0.26430.12
MinimumVisualStudioVersion = 10.0.40219.1
Project("{2150E333-8FDC-42A3-9474-1A3956D46DE8}") = "VRAndroid", "VRAndroid", "{28123523-2A0D-489D-9968-E0053330E98F}"
EndProject
Project("{39E2626F-3545-4960-A6E8-258AD8476CE5}") = "VRAndroid.Packaging", "VRAndroid\VRAndroid.Packaging\VRAndroid.Packaging.androidproj", "{E273AC1D-7EF5-4607-99D9-693487AC44DF}"
EndProject
Project("{8BC9CEB8-8B4A-11D0-8D11-00A0C91BC942}") = "VRAndroid.NativeActivity", "VRAndroid\VRAndroid.NativeActivity\VRAndroid.NativeActivity.vcxproj", "{7213291F-3436-4CE1-8FC7-ED55BBBE21CC}"
EndProject
Project("{8BC9CEB8-8B4A-11D0-8D11-00A0C91BC942}") = "revAndroid", "..\..\engine\revAndroid\revAndroid.vcxproj", "{C17E8EB6-D764-4332-80A6-3CDCEB9AC789}"
EndProject
Global
	GlobalSection(SolutionConfigurationPlatforms) = preSolution
		Debug|ARM = Debug|ARM
		Debug|ARM64 = Debug|ARM64
		Debug|x64 = Debug|x64
		Debug|x86 = Debug|x86
		Release|ARM = Release|ARM
		Release|ARM64 = Release|ARM64
		Release|x64 = Release|x64
		Release|x86 = Release|x86
	EndGlobalSection
	GlobalSection(ProjectConfigurationPlatforms) = postSolution
		{E273AC1D-7EF5-4607-99D9-693487AC44DF}.Debug|ARM.ActiveCfg = Debug|ARM
		{E273AC1D-7EF5-4607-99D9-693487AC44DF}.Debug|ARM.Build.0 = Debug|ARM
		{E273AC1D-7EF5-4607-99D9-693487AC44DF}.Debug|ARM.Deploy.0 = Debug|ARM
		{E273AC1D-7EF5-4607-99D9-693487AC44DF}.Debug|ARM64.ActiveCfg = Debug|ARM64
		{E273AC1D-7EF5-4607-99D9-693487AC44DF}.Debug|ARM64.Build.0 = Debug|ARM64
		{E273AC1D-7EF5-4607-99D9-693487AC44DF}.Debug|ARM64.Deploy.0 = Debug|ARM64
		{E273AC1D-7EF5-4607-99D9-693487AC44DF}.Debug|x64.ActiveCfg = Debug|x64
		{E273AC1D-7EF5-4607-99D9-693487AC44DF}.Debug|x64.Build.0 = Debug|x64
		{E273AC1D-7EF5-4607-99D9-693487AC44DF}.Debug|x64.Deploy.0 = Debug|x64
		{E273AC1D-7EF5-4607-99D9-693487AC44DF}.Debug|x86.ActiveCfg = Debug|x86
		{E273AC1D-7EF5-4607-99D9-693487AC44DF}.Debug|x86.Build.0 = Debug|x86
		{E273AC1D-7EF5-4607-99D9-693487AC44DF}.Debug|x86.Deploy.0 = Debug|x86
		{E273AC1D-7EF5-4607-99D9-693487AC44DF}.Release|ARM.ActiveCfg = Release|ARM
		{E273AC1D-7EF5-4607-99D9-693487AC44DF}.Release|ARM.Build.0 = Release|ARM
		{E273AC1D-7EF5-4607-99D9-693487AC44DF}.Release|ARM.Deploy.0 = Release|ARM
		{E273AC1D-7EF5-4607-99D9-693487AC44DF}.Release|ARM64.ActiveCfg = Release|ARM64
		{E273AC1D-7EF5-4607-99D9-693487AC44DF}.Release|ARM64.Build.0 = Release|ARM64
		{E273AC1D-7EF5-4607-99D9-693487AC44DF}.Release|ARM64.Deploy.0 = Release|ARM64
		{E273AC1D-7EF5-4607-99D9-693487AC44DF}.Release|x64.ActiveCfg = Release|x64
		{E273AC1D-7EF5-4607-99D9-693487AC44DF}.Release|x64.Build.0 = Release|x64
		{E273AC1D-7EF5-4607-99D9-693487AC44DF}.Release|x64.Deploy.0 = Release|x64
		{E273AC1D-7EF5-4607-99D9-693487AC44DF}.Release|x86.ActiveCfg = Release|x86
		{E273AC1D-7EF5-4607-99D9-693487AC44DF}.Release|x86.Build.0 = Release|x86
		{E273AC1D-7EF5-4607-99D9-693487AC44DF}.Release|x86.Deploy.0 = Release|x86
		{7213291F-3436-4CE1-8FC7-ED55BBBE21CC}.Debug|ARM.ActiveCfg = Debug|ARM
		{7213291F-3436-4CE1-8FC7-ED55BBBE21CC}.Debug|ARM.Build.0 = Debug|ARM
		{7213291F-3436-4CE1-8FC7-ED55BBBE21CC}.Debug|ARM64.ActiveCfg = Debug|ARM64
		{7213291F-3436-4CE1-8FC7-ED55BBBE21CC}.Debug|ARM64.Build.0 = Debug|ARM64
		{7213291F-3436-4CE1-8FC7-ED55BBBE21CC}.Debug|x64.ActiveCfg = Debug|x64
		{7213291F-3436-4CE1-8FC7-ED55BBBE21CC}.Debug|x64.Build.0 = Debug|x64
		{7213291F-3436-4CE1-8FC7-ED55BBBE21CC}.Debug|x86.ActiveCfg = Debug|x86
		{7213291F-3436-4CE1-8FC7-ED55BBBE21CC}.Debug|x86.Build.0 = Debug|x86
		{7213291F-3436-4CE1-8FC7-ED55BBBE21CC}.Release|ARM.ActiveCfg = Release|ARM
		{7213291F-3436-4CE1-8FC7-ED55BBBE21CC}.Release|ARM.Build.0 = Release|ARM
		{7213291F-3436-4CE1-8FC7-ED55BBBE21CC}.Release|ARM64.ActiveCfg = Release|ARM64
		{7213291F-3436-4CE1-8FC7-ED55BBBE21CC}.Release|ARM64.Build.0 = Release|ARM64
		{7213291F-3436-4CE1-8FC7-ED55BBBE21CC}.Release|x64.ActiveCfg = Release|x64
		{7213291F-3436-4CE1-8FC7-ED55BBBE21CC}.Release|x64.Build.0 = Release|x64
		{7213291F-3436-4CE1-8FC7-ED55BBBE21CC}.Release|x86.ActiveCfg = Release|x86
		{7213291F-3436-4CE1-8FC7-ED55BBBE21CC}.Release|x86.Build.0 = Release|x86
		{C17E8EB6-D764-4332-80A6-3CDCEB9AC789}.Debug|ARM.ActiveCfg = Debug|ARM
		{C17E8EB6-D764-4332-80A6-3CDCEB9AC789}.Debug|ARM.Build.0 = Debug|ARM
		{C17E8EB6-D764-4332-80A6-3CDCEB9AC789}.Debug|ARM64.ActiveCfg = Debug|ARM64
		{C17E8EB6-D764-4332-80A6-3CDCEB9AC789}.Debug|ARM64.Build.0 = Debug|ARM64
		{C17E8EB6-D764-4332-80A6-3CDCEB9AC789}.Debug|x64.ActiveCfg = Debug|x64
		{C17E8EB6-D764-4332-80A6-3CDCEB9AC789}.Debug|x64.Build.0 = Debug|x64
		{C17E8EB6-D764-4332-80A6-3CDCEB9AC789}.Debug|x86.ActiveCfg = Debug|x86
		{C17E8EB6-D764-4332-80A6-3CDCEB9AC789}.Debug|x86.Build.0 = Debug|x86
		{C17E8EB6-D764-4332-80A6-3CDCEB9AC789}.Release|ARM.ActiveCfg = Release|ARM
		{C17E8EB6-D764-4332-80A6-3CDCEB9AC789}.Release|ARM.Build.0 = Release|ARM
		{C17E8EB6-D764-4332-80A6-3CDCEB9AC789}.Release|ARM64.ActiveCfg = Release|ARM64
		{C17E8EB6-D764-4332-80A6-3CDCEB9AC789}.Release|ARM64.Build.0 = Release|ARM64
		{C17E8EB6-D764-4332-80A6-3CDCEB9AC789}.Release|x64.ActiveCfg = Release|x64
		{C17E8EB6-D764-4332-80A6-3CDCEB9AC789}.Release|x64.Build.0 = Release|x64
		{C17E8EB6-D764-4332-80A6-3CDCEB9AC789}.Release|x86.ActiveCfg = Release|x86
		{C17E8EB6-D764-4332-80A6-3CDCEB9AC789}.Release|x86.Build.0 = Release|x86
	EndGlobalSection
	GlobalSection(SolutionProperties) = preSolution
		HideSolutionNode = FALSE
	EndGlobalSection
	GlobalSection(NestedProjects) = preSolution
		{E273AC1D-7EF5-4607-99D9-693487AC44DF} = {28123523-2A0D-489D-9968-E0053330E98F}
		{7213291F-3436-4CE1-8FC7-ED55BBBE21CC} = {28123523-2A0D-489D-9968-E0053330E98F}
	EndGlobalSection
EndGlobal
