<?xml version="1.0" encoding="utf-8"?>
<Project ToolsVersion="4.0" xmlns="http://schemas.microsoft.com/developer/msbuild/2003">
  <ItemGroup>
    <Filter Include="application">
      <UniqueIdentifier>{226edc11-6ecd-436f-b278-d046ea8473ac}</UniqueIdentifier>
    </Filter>
    <Filter Include="core">
      <UniqueIdentifier>{757c8707-b82c-40dc-a32e-94e6a20baaf4}</UniqueIdentifier>
    </Filter>
    <Filter Include="core\transform">
      <UniqueIdentifier>{3fc7d8ec-df09-4522-bc78-66842b8b2bff}</UniqueIdentifier>
    </Filter>
    <Filter Include="scene">
      <UniqueIdentifier>{4ce8d76e-4ee8-41a2-b067-f336726cab08}</UniqueIdentifier>
    </Filter>
    <Filter Include="scene\camera">
      <UniqueIdentifier>{a38dd997-8fe1-44ac-810d-721a8dec5332}</UniqueIdentifier>
    </Filter>
    <Filter Include="physics">
      <UniqueIdentifier>{c9dee4c0-da8c-4b6e-a939-8853a5dc8161}</UniqueIdentifier>
    </Filter>
    <Filter Include="physics\world">
      <UniqueIdentifier>{9fa380d8-6ca0-47dd-84f3-a5e18d0c2fdd}</UniqueIdentifier>
    </Filter>
    <Filter Include="physics\rigidBody">
      <UniqueIdentifier>{e3c77549-3958-40ca-ab31-2eee1fa90ffb}</UniqueIdentifier>
    </Filter>
    <Filter Include="physics\bullet">
      <UniqueIdentifier>{86e25524-a086-44c3-8f35-6a276c01044a}</UniqueIdentifier>
    </Filter>
    <Filter Include="physics\bullet\BulletCollision">
      <UniqueIdentifier>{2481d217-2172-4e2d-ba15-54705c9b40f7}</UniqueIdentifier>
    </Filter>
    <Filter Include="physics\bullet\BulletDynamics">
      <UniqueIdentifier>{93b9bd67-1257-4beb-8f62-9dc3a86a84e2}</UniqueIdentifier>
    </Filter>
    <Filter Include="physics\bullet\LinearMath">
      <UniqueIdentifier>{a0503064-8602-44a0-a569-757015763abf}</UniqueIdentifier>
    </Filter>
    <Filter Include="physics\bullet\vectormath">
      <UniqueIdentifier>{55cce132-9f5a-406c-9bc8-773abfc06f71}</UniqueIdentifier>
    </Filter>
    <Filter Include="physics\bullet\BulletCollision\BroadphaseCollision">
      <UniqueIdentifier>{fb392bc0-ab5e-4a5a-9316-945d50007a5e}</UniqueIdentifier>
    </Filter>
    <Filter Include="physics\bullet\BulletCollision\CollisionDispatch">
      <UniqueIdentifier>{fcc9ce25-82ab-4238-80f6-71637c8321f9}</UniqueIdentifier>
    </Filter>
    <Filter Include="physics\bullet\BulletCollision\CollisionShapes">
      <UniqueIdentifier>{7dd996ae-63fe-4694-b2d8-ac60e79d0016}</UniqueIdentifier>
    </Filter>
    <Filter Include="physics\bullet\BulletCollision\Gimpact">
      <UniqueIdentifier>{d251aaaa-bef3-461c-b113-9683fcf59202}</UniqueIdentifier>
    </Filter>
    <Filter Include="physics\bullet\BulletCollision\NarrowPhaseCollision">
      <UniqueIdentifier>{d50612b6-cae0-46af-9bff-52ac3f5f87e3}</UniqueIdentifier>
    </Filter>
    <Filter Include="physics\bullet\BulletDynamics\ConstraintSolver">
      <UniqueIdentifier>{552127d6-7a27-47cb-90ab-63a9c0708f0e}</UniqueIdentifier>
    </Filter>
    <Filter Include="physics\bullet\BulletDynamics\Dynamics">
      <UniqueIdentifier>{f22bbdb1-f42b-4158-ab48-12a678245c91}</UniqueIdentifier>
    </Filter>
    <Filter Include="physics\bullet\vectormath\scalar">
      <UniqueIdentifier>{75d53d31-6f4b-48c4-b18a-6401f00a94f9}</UniqueIdentifier>
    </Filter>
    <Filter Include="physics\bullet\vectormath\sse">
      <UniqueIdentifier>{130ff7a0-50c8-4235-a823-b53de1e8ff24}</UniqueIdentifier>
    </Filter>
    <Filter Include="physics\bullet\vectormath\neon">
      <UniqueIdentifier>{d3687d5c-8211-4b78-a527-690761bf5c7f}</UniqueIdentifier>
    </Filter>
  </ItemGroup>
  <ItemGroup>
    <ClCompile Include="..\..\..\src\code\revGame\core\transform\transformSrc.cpp">
      <Filter>core\transform</Filter>
    </ClCompile>
    <ClCompile Include="..\..\..\src\code\revGame\core\transform\sceneNode.cpp">
      <Filter>core\transform</Filter>
    </ClCompile>
    <ClCompile Include="..\..\..\src\code\revGame\scene\camera\flyByCamera.cpp">
      <Filter>scene\camera</Filter>
    </ClCompile>
    <ClCompile Include="..\..\..\src\code\revGame\physics\world\physicsWorld.cpp">
      <Filter>physics\world</Filter>
    </ClCompile>
    <ClCompile Include="..\..\..\src\code\revGame\physics\rigidBody\rigidBody.cpp">
      <Filter>physics\rigidBody</Filter>
    </ClCompile>
    <ClCompile Include="..\..\..\src\code\revGame\physics\rigidBody\sphereRb.cpp">
      <Filter>physics\rigidBody</Filter>
    </ClCompile>
    <ClCompile Include="..\..\..\src\code\bullet\BulletCollision\BroadphaseCollision\btAxisSweep3.cpp">
      <Filter>physics\bullet\BulletCollision\BroadphaseCollision</Filter>
    </ClCompile>
    <ClCompile Include="..\..\..\src\code\bullet\BulletCollision\BroadphaseCollision\btBroadphaseProxy.cpp">
      <Filter>physics\bullet\BulletCollision\BroadphaseCollision</Filter>
    </ClCompile>
    <ClCompile Include="..\..\..\src\code\bullet\BulletCollision\BroadphaseCollision\btCollisionAlgorithm.cpp">
      <Filter>physics\bullet\BulletCollision\BroadphaseCollision</Filter>
    </ClCompile>
    <ClCompile Include="..\..\..\src\code\bullet\BulletCollision\BroadphaseCollision\btDbvt.cpp">
      <Filter>physics\bullet\BulletCollision\BroadphaseCollision</Filter>
    </ClCompile>
    <ClCompile Include="..\..\..\src\code\bullet\BulletCollision\BroadphaseCollision\btDbvtBroadphase.cpp">
      <Filter>physics\bullet\BulletCollision\BroadphaseCollision</Filter>
    </ClCompile>
    <ClCompile Include="..\..\..\src\code\bullet\BulletCollision\BroadphaseCollision\btDispatcher.cpp">
      <Filter>physics\bullet\BulletCollision\BroadphaseCollision</Filter>
    </ClCompile>
    <ClCompile Include="..\..\..\src\code\bullet\BulletCollision\BroadphaseCollision\btMultiSapBroadphase.cpp">
      <Filter>physics\bullet\BulletCollision\BroadphaseCollision</Filter>
    </ClCompile>
    <ClCompile Include="..\..\..\src\code\bullet\BulletCollision\BroadphaseCollision\btOverlappingPairCache.cpp">
      <Filter>physics\bullet\BulletCollision\BroadphaseCollision</Filter>
    </ClCompile>
    <ClCompile Include="..\..\..\src\code\bullet\BulletCollision\BroadphaseCollision\btQuantizedBvh.cpp">
      <Filter>physics\bullet\BulletCollision\BroadphaseCollision</Filter>
    </ClCompile>
    <ClCompile Include="..\..\..\src\code\bullet\BulletCollision\BroadphaseCollision\btSimpleBroadphase.cpp">
      <Filter>physics\bullet\BulletCollision\BroadphaseCollision</Filter>
    </ClCompile>
    <ClCompile Include="..\..\..\src\code\bullet\BulletCollision\CollisionDispatch\btActivatingCollisionAlgorithm.cpp">
      <Filter>physics\bullet\BulletCollision\CollisionDispatch</Filter>
    </ClCompile>
    <ClCompile Include="..\..\..\src\code\bullet\BulletCollision\CollisionDispatch\btBox2dBox2dCollisionAlgorithm.cpp">
      <Filter>physics\bullet\BulletCollision\CollisionDispatch</Filter>
    </ClCompile>
    <ClCompile Include="..\..\..\src\code\bullet\BulletCollision\CollisionDispatch\btBoxBoxCollisionAlgorithm.cpp">
      <Filter>physics\bullet\BulletCollision\CollisionDispatch</Filter>
    </ClCompile>
    <ClCompile Include="..\..\..\src\code\bullet\BulletCollision\CollisionDispatch\btBoxBoxDetector.cpp">
      <Filter>physics\bullet\BulletCollision\CollisionDispatch</Filter>
    </ClCompile>
    <ClCompile Include="..\..\..\src\code\bullet\BulletCollision\CollisionDispatch\btCollisionDispatcher.cpp">
      <Filter>physics\bullet\BulletCollision\CollisionDispatch</Filter>
    </ClCompile>
    <ClCompile Include="..\..\..\src\code\bullet\BulletCollision\CollisionDispatch\btCollisionObject.cpp">
      <Filter>physics\bullet\BulletCollision\CollisionDispatch</Filter>
    </ClCompile>
    <ClCompile Include="..\..\..\src\code\bullet\BulletCollision\CollisionDispatch\btCollisionWorld.cpp">
      <Filter>physics\bullet\BulletCollision\CollisionDispatch</Filter>
    </ClCompile>
    <ClCompile Include="..\..\..\src\code\bullet\BulletCollision\CollisionDispatch\btCompoundCollisionAlgorithm.cpp">
      <Filter>physics\bullet\BulletCollision\CollisionDispatch</Filter>
    </ClCompile>
    <ClCompile Include="..\..\..\src\code\bullet\BulletCollision\CollisionDispatch\btConvex2dConvex2dAlgorithm.cpp">
      <Filter>physics\bullet\BulletCollision\CollisionDispatch</Filter>
    </ClCompile>
    <ClCompile Include="..\..\..\src\code\bullet\BulletCollision\CollisionDispatch\btConvexConcaveCollisionAlgorithm.cpp">
      <Filter>physics\bullet\BulletCollision\CollisionDispatch</Filter>
    </ClCompile>
    <ClCompile Include="..\..\..\src\code\bullet\BulletCollision\CollisionDispatch\btConvexConvexAlgorithm.cpp">
      <Filter>physics\bullet\BulletCollision\CollisionDispatch</Filter>
    </ClCompile>
    <ClCompile Include="..\..\..\src\code\bullet\BulletCollision\CollisionDispatch\btConvexPlaneCollisionAlgorithm.cpp">
      <Filter>physics\bullet\BulletCollision\CollisionDispatch</Filter>
    </ClCompile>
    <ClCompile Include="..\..\..\src\code\bullet\BulletCollision\CollisionDispatch\btDefaultCollisionConfiguration.cpp">
      <Filter>physics\bullet\BulletCollision\CollisionDispatch</Filter>
    </ClCompile>
    <ClCompile Include="..\..\..\src\code\bullet\BulletCollision\CollisionDispatch\btEmptyCollisionAlgorithm.cpp">
      <Filter>physics\bullet\BulletCollision\CollisionDispatch</Filter>
    </ClCompile>
    <ClCompile Include="..\..\..\src\code\bullet\BulletCollision\CollisionDispatch\btGhostObject.cpp">
      <Filter>physics\bullet\BulletCollision\CollisionDispatch</Filter>
    </ClCompile>
    <ClCompile Include="..\..\..\src\code\bullet\BulletCollision\CollisionDispatch\btInternalEdgeUtility.cpp">
      <Filter>physics\bullet\BulletCollision\CollisionDispatch</Filter>
    </ClCompile>
    <ClCompile Include="..\..\..\src\code\bullet\BulletCollision\CollisionDispatch\btManifoldResult.cpp">
      <Filter>physics\bullet\BulletCollision\CollisionDispatch</Filter>
    </ClCompile>
    <ClCompile Include="..\..\..\src\code\bullet\BulletCollision\CollisionDispatch\btSimulationIslandManager.cpp">
      <Filter>physics\bullet\BulletCollision\CollisionDispatch</Filter>
    </ClCompile>
    <ClCompile Include="..\..\..\src\code\bullet\BulletCollision\CollisionDispatch\btSphereBoxCollisionAlgorithm.cpp">
      <Filter>physics\bullet\BulletCollision\CollisionDispatch</Filter>
    </ClCompile>
    <ClCompile Include="..\..\..\src\code\bullet\BulletCollision\CollisionDispatch\btSphereSphereCollisionAlgorithm.cpp">
      <Filter>physics\bullet\BulletCollision\CollisionDispatch</Filter>
    </ClCompile>
    <ClCompile Include="..\..\..\src\code\bullet\BulletCollision\CollisionDispatch\btSphereTriangleCollisionAlgorithm.cpp">
      <Filter>physics\bullet\BulletCollision\CollisionDispatch</Filter>
    </ClCompile>
    <ClCompile Include="..\..\..\src\code\bullet\BulletCollision\CollisionDispatch\btUnionFind.cpp">
      <Filter>physics\bullet\BulletCollision\CollisionDispatch</Filter>
    </ClCompile>
    <ClCompile Include="..\..\..\src\code\bullet\BulletCollision\CollisionDispatch\SphereTriangleDetector.cpp">
      <Filter>physics\bullet\BulletCollision\CollisionDispatch</Filter>
    </ClCompile>
    <ClCompile Include="..\..\..\src\code\bullet\BulletCollision\CollisionShapes\btBox2dShape.cpp">
      <Filter>physics\bullet\BulletCollision\CollisionShapes</Filter>
    </ClCompile>
    <ClCompile Include="..\..\..\src\code\bullet\BulletCollision\CollisionShapes\btBoxShape.cpp">
      <Filter>physics\bullet\BulletCollision\CollisionShapes</Filter>
    </ClCompile>
    <ClCompile Include="..\..\..\src\code\bullet\BulletCollision\CollisionShapes\btBvhTriangleMeshShape.cpp">
      <Filter>physics\bullet\BulletCollision\CollisionShapes</Filter>
    </ClCompile>
    <ClCompile Include="..\..\..\src\code\bullet\BulletCollision\CollisionShapes\btCapsuleShape.cpp">
      <Filter>physics\bullet\BulletCollision\CollisionShapes</Filter>
    </ClCompile>
    <ClCompile Include="..\..\..\src\code\bullet\BulletCollision\CollisionShapes\btCollisionShape.cpp">
      <Filter>physics\bullet\BulletCollision\CollisionShapes</Filter>
    </ClCompile>
    <ClCompile Include="..\..\..\src\code\bullet\BulletCollision\CollisionShapes\btCompoundShape.cpp">
      <Filter>physics\bullet\BulletCollision\CollisionShapes</Filter>
    </ClCompile>
    <ClCompile Include="..\..\..\src\code\bullet\BulletCollision\CollisionShapes\btConcaveShape.cpp">
      <Filter>physics\bullet\BulletCollision\CollisionShapes</Filter>
    </ClCompile>
    <ClCompile Include="..\..\..\src\code\bullet\BulletCollision\CollisionShapes\btConeShape.cpp">
      <Filter>physics\bullet\BulletCollision\CollisionShapes</Filter>
    </ClCompile>
    <ClCompile Include="..\..\..\src\code\bullet\BulletCollision\CollisionShapes\btConvex2dShape.cpp">
      <Filter>physics\bullet\BulletCollision\CollisionShapes</Filter>
    </ClCompile>
    <ClCompile Include="..\..\..\src\code\bullet\BulletCollision\CollisionShapes\btConvexHullShape.cpp">
      <Filter>physics\bullet\BulletCollision\CollisionShapes</Filter>
    </ClCompile>
    <ClCompile Include="..\..\..\src\code\bullet\BulletCollision\CollisionShapes\btConvexInternalShape.cpp">
      <Filter>physics\bullet\BulletCollision\CollisionShapes</Filter>
    </ClCompile>
    <ClCompile Include="..\..\..\src\code\bullet\BulletCollision\CollisionShapes\btConvexPointCloudShape.cpp">
      <Filter>physics\bullet\BulletCollision\CollisionShapes</Filter>
    </ClCompile>
    <ClCompile Include="..\..\..\src\code\bullet\BulletCollision\CollisionShapes\btConvexPolyhedron.cpp">
      <Filter>physics\bullet\BulletCollision\CollisionShapes</Filter>
    </ClCompile>
    <ClCompile Include="..\..\..\src\code\bullet\BulletCollision\CollisionShapes\btConvexShape.cpp">
      <Filter>physics\bullet\BulletCollision\CollisionShapes</Filter>
    </ClCompile>
    <ClCompile Include="..\..\..\src\code\bullet\BulletCollision\CollisionShapes\btConvexTriangleMeshShape.cpp">
      <Filter>physics\bullet\BulletCollision\CollisionShapes</Filter>
    </ClCompile>
    <ClCompile Include="..\..\..\src\code\bullet\BulletCollision\CollisionShapes\btCylinderShape.cpp">
      <Filter>physics\bullet\BulletCollision\CollisionShapes</Filter>
    </ClCompile>
    <ClCompile Include="..\..\..\src\code\bullet\BulletCollision\CollisionShapes\btEmptyShape.cpp">
      <Filter>physics\bullet\BulletCollision\CollisionShapes</Filter>
    </ClCompile>
    <ClCompile Include="..\..\..\src\code\bullet\BulletCollision\CollisionShapes\btHeightfieldTerrainShape.cpp">
      <Filter>physics\bullet\BulletCollision\CollisionShapes</Filter>
    </ClCompile>
    <ClCompile Include="..\..\..\src\code\bullet\BulletCollision\CollisionShapes\btMinkowskiSumShape.cpp">
      <Filter>physics\bullet\BulletCollision\CollisionShapes</Filter>
    </ClCompile>
    <ClCompile Include="..\..\..\src\code\bullet\BulletCollision\CollisionShapes\btMultimaterialTriangleMeshShape.cpp">
      <Filter>physics\bullet\BulletCollision\CollisionShapes</Filter>
    </ClCompile>
    <ClCompile Include="..\..\..\src\code\bullet\BulletCollision\CollisionShapes\btMultiSphereShape.cpp">
      <Filter>physics\bullet\BulletCollision\CollisionShapes</Filter>
    </ClCompile>
    <ClCompile Include="..\..\..\src\code\bullet\BulletCollision\CollisionShapes\btOptimizedBvh.cpp">
      <Filter>physics\bullet\BulletCollision\CollisionShapes</Filter>
    </ClCompile>
    <ClCompile Include="..\..\..\src\code\bullet\BulletCollision\CollisionShapes\btPolyhedralConvexShape.cpp">
      <Filter>physics\bullet\BulletCollision\CollisionShapes</Filter>
    </ClCompile>
    <ClCompile Include="..\..\..\src\code\bullet\BulletCollision\CollisionShapes\btScaledBvhTriangleMeshShape.cpp">
      <Filter>physics\bullet\BulletCollision\CollisionShapes</Filter>
    </ClCompile>
    <ClCompile Include="..\..\..\src\code\bullet\BulletCollision\CollisionShapes\btShapeHull.cpp">
      <Filter>physics\bullet\BulletCollision\CollisionShapes</Filter>
    </ClCompile>
    <ClCompile Include="..\..\..\src\code\bullet\BulletCollision\CollisionShapes\btSphereShape.cpp">
      <Filter>physics\bullet\BulletCollision\CollisionShapes</Filter>
    </ClCompile>
    <ClCompile Include="..\..\..\src\code\bullet\BulletCollision\CollisionShapes\btStaticPlaneShape.cpp">
      <Filter>physics\bullet\BulletCollision\CollisionShapes</Filter>
    </ClCompile>
    <ClCompile Include="..\..\..\src\code\bullet\BulletCollision\CollisionShapes\btStridingMeshInterface.cpp">
      <Filter>physics\bullet\BulletCollision\CollisionShapes</Filter>
    </ClCompile>
    <ClCompile Include="..\..\..\src\code\bullet\BulletCollision\CollisionShapes\btTetrahedronShape.cpp">
      <Filter>physics\bullet\BulletCollision\CollisionShapes</Filter>
    </ClCompile>
    <ClCompile Include="..\..\..\src\code\bullet\BulletCollision\CollisionShapes\btTriangleBuffer.cpp">
      <Filter>physics\bullet\BulletCollision\CollisionShapes</Filter>
    </ClCompile>
    <ClCompile Include="..\..\..\src\code\bullet\BulletCollision\CollisionShapes\btTriangleCallback.cpp">
      <Filter>physics\bullet\BulletCollision\CollisionShapes</Filter>
    </ClCompile>
    <ClCompile Include="..\..\..\src\code\bullet\BulletCollision\CollisionShapes\btTriangleIndexVertexArray.cpp">
      <Filter>physics\bullet\BulletCollision\CollisionShapes</Filter>
    </ClCompile>
    <ClCompile Include="..\..\..\src\code\bullet\BulletCollision\CollisionShapes\btTriangleIndexVertexMaterialArray.cpp">
      <Filter>physics\bullet\BulletCollision\CollisionShapes</Filter>
    </ClCompile>
    <ClCompile Include="..\..\..\src\code\bullet\BulletCollision\CollisionShapes\btTriangleMesh.cpp">
      <Filter>physics\bullet\BulletCollision\CollisionShapes</Filter>
    </ClCompile>
    <ClCompile Include="..\..\..\src\code\bullet\BulletCollision\CollisionShapes\btTriangleMeshShape.cpp">
      <Filter>physics\bullet\BulletCollision\CollisionShapes</Filter>
    </ClCompile>
    <ClCompile Include="..\..\..\src\code\bullet\BulletCollision\CollisionShapes\btUniformScalingShape.cpp">
      <Filter>physics\bullet\BulletCollision\CollisionShapes</Filter>
    </ClCompile>
    <ClCompile Include="..\..\..\src\code\bullet\BulletCollision\Gimpact\btContactProcessing.cpp">
      <Filter>physics\bullet\BulletCollision\Gimpact</Filter>
    </ClCompile>
    <ClCompile Include="..\..\..\src\code\bullet\BulletCollision\Gimpact\btGenericPoolAllocator.cpp">
      <Filter>physics\bullet\BulletCollision\Gimpact</Filter>
    </ClCompile>
    <ClCompile Include="..\..\..\src\code\bullet\BulletCollision\Gimpact\btGImpactBvh.cpp">
      <Filter>physics\bullet\BulletCollision\Gimpact</Filter>
    </ClCompile>
    <ClCompile Include="..\..\..\src\code\bullet\BulletCollision\Gimpact\btGImpactCollisionAlgorithm.cpp">
      <Filter>physics\bullet\BulletCollision\Gimpact</Filter>
    </ClCompile>
    <ClCompile Include="..\..\..\src\code\bullet\BulletCollision\Gimpact\btGImpactQuantizedBvh.cpp">
      <Filter>physics\bullet\BulletCollision\Gimpact</Filter>
    </ClCompile>
    <ClCompile Include="..\..\..\src\code\bullet\BulletCollision\Gimpact\btGImpactShape.cpp">
      <Filter>physics\bullet\BulletCollision\Gimpact</Filter>
    </ClCompile>
    <ClCompile Include="..\..\..\src\code\bullet\BulletCollision\Gimpact\btTriangleShapeEx.cpp">
      <Filter>physics\bullet\BulletCollision\Gimpact</Filter>
    </ClCompile>
    <ClCompile Include="..\..\..\src\code\bullet\BulletCollision\Gimpact\gim_box_set.cpp">
      <Filter>physics\bullet\BulletCollision\Gimpact</Filter>
    </ClCompile>
    <ClCompile Include="..\..\..\src\code\bullet\BulletCollision\Gimpact\gim_contact.cpp">
      <Filter>physics\bullet\BulletCollision\Gimpact</Filter>
    </ClCompile>
    <ClCompile Include="..\..\..\src\code\bullet\BulletCollision\Gimpact\gim_memory.cpp">
      <Filter>physics\bullet\BulletCollision\Gimpact</Filter>
    </ClCompile>
    <ClCompile Include="..\..\..\src\code\bullet\BulletCollision\Gimpact\gim_tri_collision.cpp">
      <Filter>physics\bullet\BulletCollision\Gimpact</Filter>
    </ClCompile>
    <ClCompile Include="..\..\..\src\code\bullet\BulletCollision\NarrowPhaseCollision\btContinuousConvexCollision.cpp">
      <Filter>physics\bullet\BulletCollision\NarrowPhaseCollision</Filter>
    </ClCompile>
    <ClCompile Include="..\..\..\src\code\bullet\BulletCollision\NarrowPhaseCollision\btConvexCast.cpp">
      <Filter>physics\bullet\BulletCollision\NarrowPhaseCollision</Filter>
    </ClCompile>
    <ClCompile Include="..\..\..\src\code\bullet\BulletCollision\NarrowPhaseCollision\btGjkConvexCast.cpp">
      <Filter>physics\bullet\BulletCollision\NarrowPhaseCollision</Filter>
    </ClCompile>
    <ClCompile Include="..\..\..\src\code\bullet\BulletCollision\NarrowPhaseCollision\btGjkEpa2.cpp">
      <Filter>physics\bullet\BulletCollision\NarrowPhaseCollision</Filter>
    </ClCompile>
    <ClCompile Include="..\..\..\src\code\bullet\BulletCollision\NarrowPhaseCollision\btGjkEpaPenetrationDepthSolver.cpp">
      <Filter>physics\bullet\BulletCollision\NarrowPhaseCollision</Filter>
    </ClCompile>
    <ClCompile Include="..\..\..\src\code\bullet\BulletCollision\NarrowPhaseCollision\btGjkPairDetector.cpp">
      <Filter>physics\bullet\BulletCollision\NarrowPhaseCollision</Filter>
    </ClCompile>
    <ClCompile Include="..\..\..\src\code\bullet\BulletCollision\NarrowPhaseCollision\btMinkowskiPenetrationDepthSolver.cpp">
      <Filter>physics\bullet\BulletCollision\NarrowPhaseCollision</Filter>
    </ClCompile>
    <ClCompile Include="..\..\..\src\code\bullet\BulletCollision\NarrowPhaseCollision\btPersistentManifold.cpp">
      <Filter>physics\bullet\BulletCollision\NarrowPhaseCollision</Filter>
    </ClCompile>
    <ClCompile Include="..\..\..\src\code\bullet\BulletCollision\NarrowPhaseCollision\btPolyhedralContactClipping.cpp">
      <Filter>physics\bullet\BulletCollision\NarrowPhaseCollision</Filter>
    </ClCompile>
    <ClCompile Include="..\..\..\src\code\bullet\BulletCollision\NarrowPhaseCollision\btRaycastCallback.cpp">
      <Filter>physics\bullet\BulletCollision\NarrowPhaseCollision</Filter>
    </ClCompile>
    <ClCompile Include="..\..\..\src\code\bullet\BulletCollision\NarrowPhaseCollision\btSubSimplexConvexCast.cpp">
      <Filter>physics\bullet\BulletCollision\NarrowPhaseCollision</Filter>
    </ClCompile>
    <ClCompile Include="..\..\..\src\code\bullet\BulletCollision\NarrowPhaseCollision\btVoronoiSimplexSolver.cpp">
      <Filter>physics\bullet\BulletCollision\NarrowPhaseCollision</Filter>
    </ClCompile>
    <ClCompile Include="..\..\..\src\code\bullet\BulletDynamics\ConstraintSolver\btConeTwistConstraint.cpp">
      <Filter>physics\bullet\BulletDynamics\ConstraintSolver</Filter>
    </ClCompile>
    <ClCompile Include="..\..\..\src\code\bullet\BulletDynamics\ConstraintSolver\btContactConstraint.cpp">
      <Filter>physics\bullet\BulletDynamics\ConstraintSolver</Filter>
    </ClCompile>
    <ClCompile Include="..\..\..\src\code\bullet\BulletDynamics\ConstraintSolver\btGearConstraint.cpp">
      <Filter>physics\bullet\BulletDynamics\ConstraintSolver</Filter>
    </ClCompile>
    <ClCompile Include="..\..\..\src\code\bullet\BulletDynamics\ConstraintSolver\btGeneric6DofConstraint.cpp">
      <Filter>physics\bullet\BulletDynamics\ConstraintSolver</Filter>
    </ClCompile>
    <ClCompile Include="..\..\..\src\code\bullet\BulletDynamics\ConstraintSolver\btGeneric6DofSpringConstraint.cpp">
      <Filter>physics\bullet\BulletDynamics\ConstraintSolver</Filter>
    </ClCompile>
    <ClCompile Include="..\..\..\src\code\bullet\BulletDynamics\ConstraintSolver\btHinge2Constraint.cpp">
      <Filter>physics\bullet\BulletDynamics\ConstraintSolver</Filter>
    </ClCompile>
    <ClCompile Include="..\..\..\src\code\bullet\BulletDynamics\ConstraintSolver\btHingeConstraint.cpp">
      <Filter>physics\bullet\BulletDynamics\ConstraintSolver</Filter>
    </ClCompile>
    <ClCompile Include="..\..\..\src\code\bullet\BulletDynamics\ConstraintSolver\btPoint2PointConstraint.cpp">
      <Filter>physics\bullet\BulletDynamics\ConstraintSolver</Filter>
    </ClCompile>
    <ClCompile Include="..\..\..\src\code\bullet\BulletDynamics\ConstraintSolver\btSequentialImpulseConstraintSolver.cpp">
      <Filter>physics\bullet\BulletDynamics\ConstraintSolver</Filter>
    </ClCompile>
    <ClCompile Include="..\..\..\src\code\bullet\BulletDynamics\ConstraintSolver\btSliderConstraint.cpp">
      <Filter>physics\bullet\BulletDynamics\ConstraintSolver</Filter>
    </ClCompile>
    <ClCompile Include="..\..\..\src\code\bullet\BulletDynamics\ConstraintSolver\btSolve2LinearConstraint.cpp">
      <Filter>physics\bullet\BulletDynamics\ConstraintSolver</Filter>
    </ClCompile>
    <ClCompile Include="..\..\..\src\code\bullet\BulletDynamics\ConstraintSolver\btTypedConstraint.cpp">
      <Filter>physics\bullet\BulletDynamics\ConstraintSolver</Filter>
    </ClCompile>
    <ClCompile Include="..\..\..\src\code\bullet\BulletDynamics\ConstraintSolver\btUniversalConstraint.cpp">
      <Filter>physics\bullet\BulletDynamics\ConstraintSolver</Filter>
    </ClCompile>
    <ClCompile Include="..\..\..\src\code\bullet\BulletDynamics\Dynamics\btDiscreteDynamicsWorld.cpp">
      <Filter>physics\bullet\BulletDynamics\Dynamics</Filter>
    </ClCompile>
    <ClCompile Include="..\..\..\src\code\bullet\BulletDynamics\Dynamics\btRigidBody.cpp">
      <Filter>physics\bullet\BulletDynamics\Dynamics</Filter>
    </ClCompile>
    <ClCompile Include="..\..\..\src\code\bullet\BulletDynamics\Dynamics\btSimpleDynamicsWorld.cpp">
      <Filter>physics\bullet\BulletDynamics\Dynamics</Filter>
    </ClCompile>
    <ClCompile Include="..\..\..\src\code\bullet\BulletDynamics\Dynamics\Bullet-C-API.cpp">
      <Filter>physics\bullet\BulletDynamics\Dynamics</Filter>
    </ClCompile>
    <ClCompile Include="..\..\..\src\code\bullet\LinearMath\btAlignedAllocator.cpp">
      <Filter>physics\bullet\LinearMath</Filter>
    </ClCompile>
    <ClCompile Include="..\..\..\src\code\bullet\LinearMath\btConvexHull.cpp">
      <Filter>physics\bullet\LinearMath</Filter>
    </ClCompile>
    <ClCompile Include="..\..\..\src\code\bullet\LinearMath\btConvexHullComputer.cpp">
      <Filter>physics\bullet\LinearMath</Filter>
    </ClCompile>
    <ClCompile Include="..\..\..\src\code\bullet\LinearMath\btGeometryUtil.cpp">
      <Filter>physics\bullet\LinearMath</Filter>
    </ClCompile>
    <ClCompile Include="..\..\..\src\code\bullet\LinearMath\btPolarDecomposition.cpp">
      <Filter>physics\bullet\LinearMath</Filter>
    </ClCompile>
    <ClCompile Include="..\..\..\src\code\bullet\LinearMath\btQuickprof.cpp">
      <Filter>physics\bullet\LinearMath</Filter>
    </ClCompile>
    <ClCompile Include="..\..\..\src\code\bullet\LinearMath\btSerializer.cpp">
      <Filter>physics\bullet\LinearMath</Filter>
    </ClCompile>
    <ClCompile Include="..\..\..\src\code\bullet\LinearMath\btVector3.cpp">
      <Filter>physics\bullet\LinearMath</Filter>
    </ClCompile>
  </ItemGroup>
  <ItemGroup>
    <ClInclude Include="..\..\..\src\code\revGame\core\transform\transformSrc.h">
      <Filter>core\transform</Filter>
    </ClInclude>
    <ClInclude Include="..\..\..\src\code\revGame\core\transform\sceneNode.h">
      <Filter>core\transform</Filter>
    </ClInclude>
    <ClInclude Include="..\..\..\src\code\revGame\scene\camera\flyByCamera.h">
      <Filter>scene\camera</Filter>
    </ClInclude>
    <ClInclude Include="..\..\..\src\code\revGame\physics\rigidBody\rigidBody.h">
      <Filter>physics\rigidBody</Filter>
    </ClInclude>
    <ClInclude Include="..\..\..\src\code\revGame\physics\world\physicsWorld.h">
      <Filter>physics\world</Filter>
    </ClInclude>
    <ClInclude Include="..\..\..\src\code\revGame\physics\rigidBody\sphereRb.h">
      <Filter>physics\rigidBody</Filter>
    </ClInclude>
    <ClInclude Include="..\..\..\src\code\bullet\btBulletDynamicsCommon.h">
      <Filter>physics\bullet</Filter>
    </ClInclude>
    <ClInclude Include="..\..\..\src\code\bullet\revBulletUtils.h">
      <Filter>physics\bullet</Filter>
    </ClInclude>
    <ClInclude Include="..\..\..\src\code\bullet\BulletCollision\BroadphaseCollision\btAxisSweep3.h">
      <Filter>physics\bullet\BulletCollision\BroadphaseCollision</Filter>
    </ClInclude>
    <ClInclude Include="..\..\..\src\code\bullet\BulletCollision\BroadphaseCollision\btBroadphaseInterface.h">
      <Filter>physics\bullet\BulletCollision\BroadphaseCollision</Filter>
    </ClInclude>
    <ClInclude Include="..\..\..\src\code\bullet\BulletCollision\BroadphaseCollision\btBroadphaseProxy.h">
      <Filter>physics\bullet\BulletCollision\BroadphaseCollision</Filter>
    </ClInclude>
    <ClInclude Include="..\..\..\src\code\bullet\BulletCollision\BroadphaseCollision\btCollisionAlgorithm.h">
      <Filter>physics\bullet\BulletCollision\BroadphaseCollision</Filter>
    </ClInclude>
    <ClInclude Include="..\..\..\src\code\bullet\BulletCollision\BroadphaseCollision\btDbvt.h">
      <Filter>physics\bullet\BulletCollision\BroadphaseCollision</Filter>
    </ClInclude>
    <ClInclude Include="..\..\..\src\code\bullet\BulletCollision\BroadphaseCollision\btDbvtBroadphase.h">
      <Filter>physics\bullet\BulletCollision\BroadphaseCollision</Filter>
    </ClInclude>
    <ClInclude Include="..\..\..\src\code\bullet\BulletCollision\BroadphaseCollision\btDispatcher.h">
      <Filter>physics\bullet\BulletCollision\BroadphaseCollision</Filter>
    </ClInclude>
    <ClInclude Include="..\..\..\src\code\bullet\BulletCollision\BroadphaseCollision\btMultiSapBroadphase.h">
      <Filter>physics\bullet\BulletCollision\BroadphaseCollision</Filter>
    </ClInclude>
    <ClInclude Include="..\..\..\src\code\bullet\BulletCollision\BroadphaseCollision\btOverlappingPairCache.h">
      <Filter>physics\bullet\BulletCollision\BroadphaseCollision</Filter>
    </ClInclude>
    <ClInclude Include="..\..\..\src\code\bullet\BulletCollision\BroadphaseCollision\btOverlappingPairCallback.h">
      <Filter>physics\bullet\BulletCollision\BroadphaseCollision</Filter>
    </ClInclude>
    <ClInclude Include="..\..\..\src\code\bullet\BulletCollision\BroadphaseCollision\btQuantizedBvh.h">
      <Filter>physics\bullet\BulletCollision\BroadphaseCollision</Filter>
    </ClInclude>
    <ClInclude Include="..\..\..\src\code\bullet\BulletCollision\BroadphaseCollision\btSimpleBroadphase.h">
      <Filter>physics\bullet\BulletCollision\BroadphaseCollision</Filter>
    </ClInclude>
    <ClInclude Include="..\..\..\src\code\bullet\BulletCollision\CollisionDispatch\btActivatingCollisionAlgorithm.h">
      <Filter>physics\bullet\BulletCollision\CollisionDispatch</Filter>
    </ClInclude>
    <ClInclude Include="..\..\..\src\code\bullet\BulletCollision\CollisionDispatch\btBox2dBox2dCollisionAlgorithm.h">
      <Filter>physics\bullet\BulletCollision\CollisionDispatch</Filter>
    </ClInclude>
    <ClInclude Include="..\..\..\src\code\bullet\BulletCollision\CollisionDispatch\btBoxBoxCollisionAlgorithm.h">
      <Filter>physics\bullet\BulletCollision\CollisionDispatch</Filter>
    </ClInclude>
    <ClInclude Include="..\..\..\src\code\bullet\BulletCollision\CollisionDispatch\btBoxBoxDetector.h">
      <Filter>physics\bullet\BulletCollision\CollisionDispatch</Filter>
    </ClInclude>
    <ClInclude Include="..\..\..\src\code\bullet\BulletCollision\CollisionDispatch\btCollisionConfiguration.h">
      <Filter>physics\bullet\BulletCollision\CollisionDispatch</Filter>
    </ClInclude>
    <ClInclude Include="..\..\..\src\code\bullet\BulletCollision\CollisionDispatch\btCollisionCreateFunc.h">
      <Filter>physics\bullet\BulletCollision\CollisionDispatch</Filter>
    </ClInclude>
    <ClInclude Include="..\..\..\src\code\bullet\BulletCollision\CollisionDispatch\btCollisionDispatcher.h">
      <Filter>physics\bullet\BulletCollision\CollisionDispatch</Filter>
    </ClInclude>
    <ClInclude Include="..\..\..\src\code\bullet\BulletCollision\CollisionDispatch\btCollisionObject.h">
      <Filter>physics\bullet\BulletCollision\CollisionDispatch</Filter>
    </ClInclude>
    <ClInclude Include="..\..\..\src\code\bullet\BulletCollision\CollisionDispatch\btCollisionObjectWrapper.h">
      <Filter>physics\bullet\BulletCollision\CollisionDispatch</Filter>
    </ClInclude>
    <ClInclude Include="..\..\..\src\code\bullet\BulletCollision\CollisionDispatch\btCollisionWorld.h">
      <Filter>physics\bullet\BulletCollision\CollisionDispatch</Filter>
    </ClInclude>
    <ClInclude Include="..\..\..\src\code\bullet\BulletCollision\CollisionDispatch\btCompoundCollisionAlgorithm.h">
      <Filter>physics\bullet\BulletCollision\CollisionDispatch</Filter>
    </ClInclude>
    <ClInclude Include="..\..\..\src\code\bullet\BulletCollision\CollisionDispatch\btConvex2dConvex2dAlgorithm.h">
      <Filter>physics\bullet\BulletCollision\CollisionDispatch</Filter>
    </ClInclude>
    <ClInclude Include="..\..\..\src\code\bullet\BulletCollision\CollisionDispatch\btConvexConcaveCollisionAlgorithm.h">
      <Filter>physics\bullet\BulletCollision\CollisionDispatch</Filter>
    </ClInclude>
    <ClInclude Include="..\..\..\src\code\bullet\BulletCollision\CollisionDispatch\btConvexConvexAlgorithm.h">
      <Filter>physics\bullet\BulletCollision\CollisionDispatch</Filter>
    </ClInclude>
    <ClInclude Include="..\..\..\src\code\bullet\BulletCollision\CollisionDispatch\btConvexPlaneCollisionAlgorithm.h">
      <Filter>physics\bullet\BulletCollision\CollisionDispatch</Filter>
    </ClInclude>
    <ClInclude Include="..\..\..\src\code\bullet\BulletCollision\CollisionDispatch\btDefaultCollisionConfiguration.h">
      <Filter>physics\bullet\BulletCollision\CollisionDispatch</Filter>
    </ClInclude>
    <ClInclude Include="..\..\..\src\code\bullet\BulletCollision\CollisionDispatch\btEmptyCollisionAlgorithm.h">
      <Filter>physics\bullet\BulletCollision\CollisionDispatch</Filter>
    </ClInclude>
    <ClInclude Include="..\..\..\src\code\bullet\BulletCollision\CollisionDispatch\btGhostObject.h">
      <Filter>physics\bullet\BulletCollision\CollisionDispatch</Filter>
    </ClInclude>
    <ClInclude Include="..\..\..\src\code\bullet\BulletCollision\CollisionDispatch\btInternalEdgeUtility.h">
      <Filter>physics\bullet\BulletCollision\CollisionDispatch</Filter>
    </ClInclude>
    <ClInclude Include="..\..\..\src\code\bullet\BulletCollision\CollisionDispatch\btManifoldResult.h">
      <Filter>physics\bullet\BulletCollision\CollisionDispatch</Filter>
    </ClInclude>
    <ClInclude Include="..\..\..\src\code\bullet\BulletCollision\CollisionDispatch\btSimulationIslandManager.h">
      <Filter>physics\bullet\BulletCollision\CollisionDispatch</Filter>
    </ClInclude>
    <ClInclude Include="..\..\..\src\code\bullet\BulletCollision\CollisionDispatch\btSphereBoxCollisionAlgorithm.h">
      <Filter>physics\bullet\BulletCollision\CollisionDispatch</Filter>
    </ClInclude>
    <ClInclude Include="..\..\..\src\code\bullet\BulletCollision\CollisionDispatch\btSphereSphereCollisionAlgorithm.h">
      <Filter>physics\bullet\BulletCollision\CollisionDispatch</Filter>
    </ClInclude>
    <ClInclude Include="..\..\..\src\code\bullet\BulletCollision\CollisionDispatch\btSphereTriangleCollisionAlgorithm.h">
      <Filter>physics\bullet\BulletCollision\CollisionDispatch</Filter>
    </ClInclude>
    <ClInclude Include="..\..\..\src\code\bullet\BulletCollision\CollisionDispatch\btUnionFind.h">
      <Filter>physics\bullet\BulletCollision\CollisionDispatch</Filter>
    </ClInclude>
    <ClInclude Include="..\..\..\src\code\bullet\BulletCollision\CollisionDispatch\SphereTriangleDetector.h">
      <Filter>physics\bullet\BulletCollision\CollisionDispatch</Filter>
    </ClInclude>
    <ClInclude Include="..\..\..\src\code\bullet\BulletCollision\CollisionShapes\btBox2dShape.h">
      <Filter>physics\bullet\BulletCollision\CollisionShapes</Filter>
    </ClInclude>
    <ClInclude Include="..\..\..\src\code\bullet\BulletCollision\CollisionShapes\btBoxShape.h">
      <Filter>physics\bullet\BulletCollision\CollisionShapes</Filter>
    </ClInclude>
    <ClInclude Include="..\..\..\src\code\bullet\BulletCollision\CollisionShapes\btBvhTriangleMeshShape.h">
      <Filter>physics\bullet\BulletCollision\CollisionShapes</Filter>
    </ClInclude>
    <ClInclude Include="..\..\..\src\code\bullet\BulletCollision\CollisionShapes\btCapsuleShape.h">
      <Filter>physics\bullet\BulletCollision\CollisionShapes</Filter>
    </ClInclude>
    <ClInclude Include="..\..\..\src\code\bullet\BulletCollision\CollisionShapes\btCollisionMargin.h">
      <Filter>physics\bullet\BulletCollision\CollisionShapes</Filter>
    </ClInclude>
    <ClInclude Include="..\..\..\src\code\bullet\BulletCollision\CollisionShapes\btCollisionShape.h">
      <Filter>physics\bullet\BulletCollision\CollisionShapes</Filter>
    </ClInclude>
    <ClInclude Include="..\..\..\src\code\bullet\BulletCollision\CollisionShapes\btCompoundShape.h">
      <Filter>physics\bullet\BulletCollision\CollisionShapes</Filter>
    </ClInclude>
    <ClInclude Include="..\..\..\src\code\bullet\BulletCollision\CollisionShapes\btConcaveShape.h">
      <Filter>physics\bullet\BulletCollision\CollisionShapes</Filter>
    </ClInclude>
    <ClInclude Include="..\..\..\src\code\bullet\BulletCollision\CollisionShapes\btConeShape.h">
      <Filter>physics\bullet\BulletCollision\CollisionShapes</Filter>
    </ClInclude>
    <ClInclude Include="..\..\..\src\code\bullet\BulletCollision\CollisionShapes\btConvex2dShape.h">
      <Filter>physics\bullet\BulletCollision\CollisionShapes</Filter>
    </ClInclude>
    <ClInclude Include="..\..\..\src\code\bullet\BulletCollision\CollisionShapes\btConvexHullShape.h">
      <Filter>physics\bullet\BulletCollision\CollisionShapes</Filter>
    </ClInclude>
    <ClInclude Include="..\..\..\src\code\bullet\BulletCollision\CollisionShapes\btConvexInternalShape.h">
      <Filter>physics\bullet\BulletCollision\CollisionShapes</Filter>
    </ClInclude>
    <ClInclude Include="..\..\..\src\code\bullet\BulletCollision\CollisionShapes\btConvexPointCloudShape.h">
      <Filter>physics\bullet\BulletCollision\CollisionShapes</Filter>
    </ClInclude>
    <ClInclude Include="..\..\..\src\code\bullet\BulletCollision\CollisionShapes\btConvexPolyhedron.h">
      <Filter>physics\bullet\BulletCollision\CollisionShapes</Filter>
    </ClInclude>
    <ClInclude Include="..\..\..\src\code\bullet\BulletCollision\CollisionShapes\btConvexShape.h">
      <Filter>physics\bullet\BulletCollision\CollisionShapes</Filter>
    </ClInclude>
    <ClInclude Include="..\..\..\src\code\bullet\BulletCollision\CollisionShapes\btConvexTriangleMeshShape.h">
      <Filter>physics\bullet\BulletCollision\CollisionShapes</Filter>
    </ClInclude>
    <ClInclude Include="..\..\..\src\code\bullet\BulletCollision\CollisionShapes\btCylinderShape.h">
      <Filter>physics\bullet\BulletCollision\CollisionShapes</Filter>
    </ClInclude>
    <ClInclude Include="..\..\..\src\code\bullet\BulletCollision\CollisionShapes\btEmptyShape.h">
      <Filter>physics\bullet\BulletCollision\CollisionShapes</Filter>
    </ClInclude>
    <ClInclude Include="..\..\..\src\code\bullet\BulletCollision\CollisionShapes\btHeightfieldTerrainShape.h">
      <Filter>physics\bullet\BulletCollision\CollisionShapes</Filter>
    </ClInclude>
    <ClInclude Include="..\..\..\src\code\bullet\BulletCollision\CollisionShapes\btMaterial.h">
      <Filter>physics\bullet\BulletCollision\CollisionShapes</Filter>
    </ClInclude>
    <ClInclude Include="..\..\..\src\code\bullet\BulletCollision\CollisionShapes\btMinkowskiSumShape.h">
      <Filter>physics\bullet\BulletCollision\CollisionShapes</Filter>
    </ClInclude>
    <ClInclude Include="..\..\..\src\code\bullet\BulletCollision\CollisionShapes\btMultimaterialTriangleMeshShape.h">
      <Filter>physics\bullet\BulletCollision\CollisionShapes</Filter>
    </ClInclude>
    <ClInclude Include="..\..\..\src\code\bullet\BulletCollision\CollisionShapes\btMultiSphereShape.h">
      <Filter>physics\bullet\BulletCollision\CollisionShapes</Filter>
    </ClInclude>
    <ClInclude Include="..\..\..\src\code\bullet\BulletCollision\CollisionShapes\btOptimizedBvh.h">
      <Filter>physics\bullet\BulletCollision\CollisionShapes</Filter>
    </ClInclude>
    <ClInclude Include="..\..\..\src\code\bullet\BulletCollision\CollisionShapes\btPolyhedralConvexShape.h">
      <Filter>physics\bullet\BulletCollision\CollisionShapes</Filter>
    </ClInclude>
    <ClInclude Include="..\..\..\src\code\bullet\BulletCollision\CollisionShapes\btScaledBvhTriangleMeshShape.h">
      <Filter>physics\bullet\BulletCollision\CollisionShapes</Filter>
    </ClInclude>
    <ClInclude Include="..\..\..\src\code\bullet\BulletCollision\CollisionShapes\btShapeHull.h">
      <Filter>physics\bullet\BulletCollision\CollisionShapes</Filter>
    </ClInclude>
    <ClInclude Include="..\..\..\src\code\bullet\BulletCollision\CollisionShapes\btSphereShape.h">
      <Filter>physics\bullet\BulletCollision\CollisionShapes</Filter>
    </ClInclude>
    <ClInclude Include="..\..\..\src\code\bullet\BulletCollision\CollisionShapes\btStaticPlaneShape.h">
      <Filter>physics\bullet\BulletCollision\CollisionShapes</Filter>
    </ClInclude>
    <ClInclude Include="..\..\..\src\code\bullet\BulletCollision\CollisionShapes\btStridingMeshInterface.h">
      <Filter>physics\bullet\BulletCollision\CollisionShapes</Filter>
    </ClInclude>
    <ClInclude Include="..\..\..\src\code\bullet\BulletCollision\CollisionShapes\btTetrahedronShape.h">
      <Filter>physics\bullet\BulletCollision\CollisionShapes</Filter>
    </ClInclude>
    <ClInclude Include="..\..\..\src\code\bullet\BulletCollision\CollisionShapes\btTriangleBuffer.h">
      <Filter>physics\bullet\BulletCollision\CollisionShapes</Filter>
    </ClInclude>
    <ClInclude Include="..\..\..\src\code\bullet\BulletCollision\CollisionShapes\btTriangleCallback.h">
      <Filter>physics\bullet\BulletCollision\CollisionShapes</Filter>
    </ClInclude>
    <ClInclude Include="..\..\..\src\code\bullet\BulletCollision\CollisionShapes\btTriangleIndexVertexArray.h">
      <Filter>physics\bullet\BulletCollision\CollisionShapes</Filter>
    </ClInclude>
    <ClInclude Include="..\..\..\src\code\bullet\BulletCollision\CollisionShapes\btTriangleIndexVertexMaterialArray.h">
      <Filter>physics\bullet\BulletCollision\CollisionShapes</Filter>
    </ClInclude>
    <ClInclude Include="..\..\..\src\code\bullet\BulletCollision\CollisionShapes\btTriangleInfoMap.h">
      <Filter>physics\bullet\BulletCollision\CollisionShapes</Filter>
    </ClInclude>
    <ClInclude Include="..\..\..\src\code\bullet\BulletCollision\CollisionShapes\btTriangleMesh.h">
      <Filter>physics\bullet\BulletCollision\CollisionShapes</Filter>
    </ClInclude>
    <ClInclude Include="..\..\..\src\code\bullet\BulletCollision\CollisionShapes\btTriangleMeshShape.h">
      <Filter>physics\bullet\BulletCollision\CollisionShapes</Filter>
    </ClInclude>
    <ClInclude Include="..\..\..\src\code\bullet\BulletCollision\CollisionShapes\btTriangleShape.h">
      <Filter>physics\bullet\BulletCollision\CollisionShapes</Filter>
    </ClInclude>
    <ClInclude Include="..\..\..\src\code\bullet\BulletCollision\CollisionShapes\btUniformScalingShape.h">
      <Filter>physics\bullet\BulletCollision\CollisionShapes</Filter>
    </ClInclude>
    <ClInclude Include="..\..\..\src\code\bullet\BulletCollision\Gimpact\btBoxCollision.h">
      <Filter>physics\bullet\BulletCollision\Gimpact</Filter>
    </ClInclude>
    <ClInclude Include="..\..\..\src\code\bullet\BulletCollision\Gimpact\btClipPolygon.h">
      <Filter>physics\bullet\BulletCollision\Gimpact</Filter>
    </ClInclude>
    <ClInclude Include="..\..\..\src\code\bullet\BulletCollision\Gimpact\btContactProcessing.h">
      <Filter>physics\bullet\BulletCollision\Gimpact</Filter>
    </ClInclude>
    <ClInclude Include="..\..\..\src\code\bullet\BulletCollision\Gimpact\btGenericPoolAllocator.h">
      <Filter>physics\bullet\BulletCollision\Gimpact</Filter>
    </ClInclude>
    <ClInclude Include="..\..\..\src\code\bullet\BulletCollision\Gimpact\btGeometryOperations.h">
      <Filter>physics\bullet\BulletCollision\Gimpact</Filter>
    </ClInclude>
    <ClInclude Include="..\..\..\src\code\bullet\BulletCollision\Gimpact\btGImpactBvh.h">
      <Filter>physics\bullet\BulletCollision\Gimpact</Filter>
    </ClInclude>
    <ClInclude Include="..\..\..\src\code\bullet\BulletCollision\Gimpact\btGImpactCollisionAlgorithm.h">
      <Filter>physics\bullet\BulletCollision\Gimpact</Filter>
    </ClInclude>
    <ClInclude Include="..\..\..\src\code\bullet\BulletCollision\Gimpact\btGImpactMassUtil.h">
      <Filter>physics\bullet\BulletCollision\Gimpact</Filter>
    </ClInclude>
    <ClInclude Include="..\..\..\src\code\bullet\BulletCollision\Gimpact\btGImpactQuantizedBvh.h">
      <Filter>physics\bullet\BulletCollision\Gimpact</Filter>
    </ClInclude>
    <ClInclude Include="..\..\..\src\code\bullet\BulletCollision\Gimpact\btGImpactShape.h">
      <Filter>physics\bullet\BulletCollision\Gimpact</Filter>
    </ClInclude>
    <ClInclude Include="..\..\..\src\code\bullet\BulletCollision\Gimpact\btQuantization.h">
      <Filter>physics\bullet\BulletCollision\Gimpact</Filter>
    </ClInclude>
    <ClInclude Include="..\..\..\src\code\bullet\BulletCollision\Gimpact\btTriangleShapeEx.h">
      <Filter>physics\bullet\BulletCollision\Gimpact</Filter>
    </ClInclude>
    <ClInclude Include="..\..\..\src\code\bullet\BulletCollision\Gimpact\gim_array.h">
      <Filter>physics\bullet\BulletCollision\Gimpact</Filter>
    </ClInclude>
    <ClInclude Include="..\..\..\src\code\bullet\BulletCollision\Gimpact\gim_basic_geometry_operations.h">
      <Filter>physics\bullet\BulletCollision\Gimpact</Filter>
    </ClInclude>
    <ClInclude Include="..\..\..\src\code\bullet\BulletCollision\Gimpact\gim_bitset.h">
      <Filter>physics\bullet\BulletCollision\Gimpact</Filter>
    </ClInclude>
    <ClInclude Include="..\..\..\src\code\bullet\BulletCollision\Gimpact\gim_box_collision.h">
      <Filter>physics\bullet\BulletCollision\Gimpact</Filter>
    </ClInclude>
    <ClInclude Include="..\..\..\src\code\bullet\BulletCollision\Gimpact\gim_box_set.h">
      <Filter>physics\bullet\BulletCollision\Gimpact</Filter>
    </ClInclude>
    <ClInclude Include="..\..\..\src\code\bullet\BulletCollision\Gimpact\gim_clip_polygon.h">
      <Filter>physics\bullet\BulletCollision\Gimpact</Filter>
    </ClInclude>
    <ClInclude Include="..\..\..\src\code\bullet\BulletCollision\Gimpact\gim_contact.h">
      <Filter>physics\bullet\BulletCollision\Gimpact</Filter>
    </ClInclude>
    <ClInclude Include="..\..\..\src\code\bullet\BulletCollision\Gimpact\gim_geom_types.h">
      <Filter>physics\bullet\BulletCollision\Gimpact</Filter>
    </ClInclude>
    <ClInclude Include="..\..\..\src\code\bullet\BulletCollision\Gimpact\gim_geometry.h">
      <Filter>physics\bullet\BulletCollision\Gimpact</Filter>
    </ClInclude>
    <ClInclude Include="..\..\..\src\code\bullet\BulletCollision\Gimpact\gim_hash_table.h">
      <Filter>physics\bullet\BulletCollision\Gimpact</Filter>
    </ClInclude>
    <ClInclude Include="..\..\..\src\code\bullet\BulletCollision\Gimpact\gim_linear_math.h">
      <Filter>physics\bullet\BulletCollision\Gimpact</Filter>
    </ClInclude>
    <ClInclude Include="..\..\..\src\code\bullet\BulletCollision\Gimpact\gim_math.h">
      <Filter>physics\bullet\BulletCollision\Gimpact</Filter>
    </ClInclude>
    <ClInclude Include="..\..\..\src\code\bullet\BulletCollision\Gimpact\gim_memory.h">
      <Filter>physics\bullet\BulletCollision\Gimpact</Filter>
    </ClInclude>
    <ClInclude Include="..\..\..\src\code\bullet\BulletCollision\Gimpact\gim_radixsort.h">
      <Filter>physics\bullet\BulletCollision\Gimpact</Filter>
    </ClInclude>
    <ClInclude Include="..\..\..\src\code\bullet\BulletCollision\Gimpact\gim_tri_collision.h">
      <Filter>physics\bullet\BulletCollision\Gimpact</Filter>
    </ClInclude>
    <ClInclude Include="..\..\..\src\code\bullet\BulletCollision\NarrowPhaseCollision\btContinuousConvexCollision.h">
      <Filter>physics\bullet\BulletCollision\NarrowPhaseCollision</Filter>
    </ClInclude>
    <ClInclude Include="..\..\..\src\code\bullet\BulletCollision\NarrowPhaseCollision\btConvexCast.h">
      <Filter>physics\bullet\BulletCollision\NarrowPhaseCollision</Filter>
    </ClInclude>
    <ClInclude Include="..\..\..\src\code\bullet\BulletCollision\NarrowPhaseCollision\btConvexPenetrationDepthSolver.h">
      <Filter>physics\bullet\BulletCollision\NarrowPhaseCollision</Filter>
    </ClInclude>
    <ClInclude Include="..\..\..\src\code\bullet\BulletCollision\NarrowPhaseCollision\btDiscreteCollisionDetectorInterface.h">
      <Filter>physics\bullet\BulletCollision\NarrowPhaseCollision</Filter>
    </ClInclude>
    <ClInclude Include="..\..\..\src\code\bullet\BulletCollision\NarrowPhaseCollision\btGjkConvexCast.h">
      <Filter>physics\bullet\BulletCollision\NarrowPhaseCollision</Filter>
    </ClInclude>
    <ClInclude Include="..\..\..\src\code\bullet\BulletCollision\NarrowPhaseCollision\btGjkEpa2.h">
      <Filter>physics\bullet\BulletCollision\NarrowPhaseCollision</Filter>
    </ClInclude>
    <ClInclude Include="..\..\..\src\code\bullet\BulletCollision\NarrowPhaseCollision\btGjkEpaPenetrationDepthSolver.h">
      <Filter>physics\bullet\BulletCollision\NarrowPhaseCollision</Filter>
    </ClInclude>
    <ClInclude Include="..\..\..\src\code\bullet\BulletCollision\NarrowPhaseCollision\btGjkPairDetector.h">
      <Filter>physics\bullet\BulletCollision\NarrowPhaseCollision</Filter>
    </ClInclude>
    <ClInclude Include="..\..\..\src\code\bullet\BulletCollision\NarrowPhaseCollision\btManifoldPoint.h">
      <Filter>physics\bullet\BulletCollision\NarrowPhaseCollision</Filter>
    </ClInclude>
    <ClInclude Include="..\..\..\src\code\bullet\BulletCollision\NarrowPhaseCollision\btMinkowskiPenetrationDepthSolver.h">
      <Filter>physics\bullet\BulletCollision\NarrowPhaseCollision</Filter>
    </ClInclude>
    <ClInclude Include="..\..\..\src\code\bullet\BulletCollision\NarrowPhaseCollision\btPersistentManifold.h">
      <Filter>physics\bullet\BulletCollision\NarrowPhaseCollision</Filter>
    </ClInclude>
    <ClInclude Include="..\..\..\src\code\bullet\BulletCollision\NarrowPhaseCollision\btPointCollector.h">
      <Filter>physics\bullet\BulletCollision\NarrowPhaseCollision</Filter>
    </ClInclude>
    <ClInclude Include="..\..\..\src\code\bullet\BulletCollision\NarrowPhaseCollision\btPolyhedralContactClipping.h">
      <Filter>physics\bullet\BulletCollision\NarrowPhaseCollision</Filter>
    </ClInclude>
    <ClInclude Include="..\..\..\src\code\bullet\BulletCollision\NarrowPhaseCollision\btRaycastCallback.h">
      <Filter>physics\bullet\BulletCollision\NarrowPhaseCollision</Filter>
    </ClInclude>
    <ClInclude Include="..\..\..\src\code\bullet\BulletCollision\NarrowPhaseCollision\btSimplexSolverInterface.h">
      <Filter>physics\bullet\BulletCollision\NarrowPhaseCollision</Filter>
    </ClInclude>
    <ClInclude Include="..\..\..\src\code\bullet\BulletCollision\NarrowPhaseCollision\btSubSimplexConvexCast.h">
      <Filter>physics\bullet\BulletCollision\NarrowPhaseCollision</Filter>
    </ClInclude>
    <ClInclude Include="..\..\..\src\code\bullet\BulletCollision\NarrowPhaseCollision\btVoronoiSimplexSolver.h">
      <Filter>physics\bullet\BulletCollision\NarrowPhaseCollision</Filter>
    </ClInclude>
    <ClInclude Include="..\..\..\src\code\bullet\BulletDynamics\ConstraintSolver\btConeTwistConstraint.h">
      <Filter>physics\bullet\BulletDynamics\ConstraintSolver</Filter>
    </ClInclude>
    <ClInclude Include="..\..\..\src\code\bullet\BulletDynamics\ConstraintSolver\btConstraintSolver.h">
      <Filter>physics\bullet\BulletDynamics\ConstraintSolver</Filter>
    </ClInclude>
    <ClInclude Include="..\..\..\src\code\bullet\BulletDynamics\ConstraintSolver\btContactConstraint.h">
      <Filter>physics\bullet\BulletDynamics\ConstraintSolver</Filter>
    </ClInclude>
    <ClInclude Include="..\..\..\src\code\bullet\BulletDynamics\ConstraintSolver\btContactSolverInfo.h">
      <Filter>physics\bullet\BulletDynamics\ConstraintSolver</Filter>
    </ClInclude>
    <ClInclude Include="..\..\..\src\code\bullet\BulletDynamics\ConstraintSolver\btGearConstraint.h">
      <Filter>physics\bullet\BulletDynamics\ConstraintSolver</Filter>
    </ClInclude>
    <ClInclude Include="..\..\..\src\code\bullet\BulletDynamics\ConstraintSolver\btGeneric6DofConstraint.h">
      <Filter>physics\bullet\BulletDynamics\ConstraintSolver</Filter>
    </ClInclude>
    <ClInclude Include="..\..\..\src\code\bullet\BulletDynamics\ConstraintSolver\btGeneric6DofSpringConstraint.h">
      <Filter>physics\bullet\BulletDynamics\ConstraintSolver</Filter>
    </ClInclude>
    <ClInclude Include="..\..\..\src\code\bullet\BulletDynamics\ConstraintSolver\btHinge2Constraint.h">
      <Filter>physics\bullet\BulletDynamics\ConstraintSolver</Filter>
    </ClInclude>
    <ClInclude Include="..\..\..\src\code\bullet\BulletDynamics\ConstraintSolver\btHingeConstraint.h">
      <Filter>physics\bullet\BulletDynamics\ConstraintSolver</Filter>
    </ClInclude>
    <ClInclude Include="..\..\..\src\code\bullet\BulletDynamics\ConstraintSolver\btJacobianEntry.h">
      <Filter>physics\bullet\BulletDynamics\ConstraintSolver</Filter>
    </ClInclude>
    <ClInclude Include="..\..\..\src\code\bullet\BulletDynamics\ConstraintSolver\btPoint2PointConstraint.h">
      <Filter>physics\bullet\BulletDynamics\ConstraintSolver</Filter>
    </ClInclude>
    <ClInclude Include="..\..\..\src\code\bullet\BulletDynamics\ConstraintSolver\btSequentialImpulseConstraintSolver.h">
      <Filter>physics\bullet\BulletDynamics\ConstraintSolver</Filter>
    </ClInclude>
    <ClInclude Include="..\..\..\src\code\bullet\BulletDynamics\ConstraintSolver\btSliderConstraint.h">
      <Filter>physics\bullet\BulletDynamics\ConstraintSolver</Filter>
    </ClInclude>
    <ClInclude Include="..\..\..\src\code\bullet\BulletDynamics\ConstraintSolver\btSolve2LinearConstraint.h">
      <Filter>physics\bullet\BulletDynamics\ConstraintSolver</Filter>
    </ClInclude>
    <ClInclude Include="..\..\..\src\code\bullet\BulletDynamics\ConstraintSolver\btSolverBody.h">
      <Filter>physics\bullet\BulletDynamics\ConstraintSolver</Filter>
    </ClInclude>
    <ClInclude Include="..\..\..\src\code\bullet\BulletDynamics\ConstraintSolver\btSolverConstraint.h">
      <Filter>physics\bullet\BulletDynamics\ConstraintSolver</Filter>
    </ClInclude>
    <ClInclude Include="..\..\..\src\code\bullet\BulletDynamics\ConstraintSolver\btTypedConstraint.h">
      <Filter>physics\bullet\BulletDynamics\ConstraintSolver</Filter>
    </ClInclude>
    <ClInclude Include="..\..\..\src\code\bullet\BulletDynamics\ConstraintSolver\btUniversalConstraint.h">
      <Filter>physics\bullet\BulletDynamics\ConstraintSolver</Filter>
    </ClInclude>
    <ClInclude Include="..\..\..\src\code\bullet\BulletDynamics\Dynamics\btActionInterface.h">
      <Filter>physics\bullet\BulletDynamics\Dynamics</Filter>
    </ClInclude>
    <ClInclude Include="..\..\..\src\code\bullet\BulletDynamics\Dynamics\btDiscreteDynamicsWorld.h">
      <Filter>physics\bullet\BulletDynamics\Dynamics</Filter>
    </ClInclude>
    <ClInclude Include="..\..\..\src\code\bullet\BulletDynamics\Dynamics\btDynamicsWorld.h">
      <Filter>physics\bullet\BulletDynamics\Dynamics</Filter>
    </ClInclude>
    <ClInclude Include="..\..\..\src\code\bullet\BulletDynamics\Dynamics\btRigidBody.h">
      <Filter>physics\bullet\BulletDynamics\Dynamics</Filter>
    </ClInclude>
    <ClInclude Include="..\..\..\src\code\bullet\BulletDynamics\Dynamics\btSimpleDynamicsWorld.h">
      <Filter>physics\bullet\BulletDynamics\Dynamics</Filter>
    </ClInclude>
    <ClInclude Include="..\..\..\src\code\bullet\LinearMath\btAabbUtil2.h">
      <Filter>physics\bullet\LinearMath</Filter>
    </ClInclude>
    <ClInclude Include="..\..\..\src\code\bullet\LinearMath\btAlignedAllocator.h">
      <Filter>physics\bullet\LinearMath</Filter>
    </ClInclude>
    <ClInclude Include="..\..\..\src\code\bullet\LinearMath\btAlignedObjectArray.h">
      <Filter>physics\bullet\LinearMath</Filter>
    </ClInclude>
    <ClInclude Include="..\..\..\src\code\bullet\LinearMath\btConvexHull.h">
      <Filter>physics\bullet\LinearMath</Filter>
    </ClInclude>
    <ClInclude Include="..\..\..\src\code\bullet\LinearMath\btConvexHullComputer.h">
      <Filter>physics\bullet\LinearMath</Filter>
    </ClInclude>
    <ClInclude Include="..\..\..\src\code\bullet\LinearMath\btDefaultMotionState.h">
      <Filter>physics\bullet\LinearMath</Filter>
    </ClInclude>
    <ClInclude Include="..\..\..\src\code\bullet\LinearMath\btGeometryUtil.h">
      <Filter>physics\bullet\LinearMath</Filter>
    </ClInclude>
    <ClInclude Include="..\..\..\src\code\bullet\LinearMath\btGrahamScan2dConvexHull.h">
      <Filter>physics\bullet\LinearMath</Filter>
    </ClInclude>
    <ClInclude Include="..\..\..\src\code\bullet\LinearMath\btHashMap.h">
      <Filter>physics\bullet\LinearMath</Filter>
    </ClInclude>
    <ClInclude Include="..\..\..\src\code\bullet\LinearMath\btIDebugDraw.h">
      <Filter>physics\bullet\LinearMath</Filter>
    </ClInclude>
    <ClInclude Include="..\..\..\src\code\bullet\LinearMath\btList.h">
      <Filter>physics\bullet\LinearMath</Filter>
    </ClInclude>
    <ClInclude Include="..\..\..\src\code\bullet\LinearMath\btMatrix3x3.h">
      <Filter>physics\bullet\LinearMath</Filter>
    </ClInclude>
    <ClInclude Include="..\..\..\src\code\bullet\LinearMath\btMinMax.h">
      <Filter>physics\bullet\LinearMath</Filter>
    </ClInclude>
    <ClInclude Include="..\..\..\src\code\bullet\LinearMath\btMotionState.h">
      <Filter>physics\bullet\LinearMath</Filter>
    </ClInclude>
    <ClInclude Include="..\..\..\src\code\bullet\LinearMath\btPolarDecomposition.h">
      <Filter>physics\bullet\LinearMath</Filter>
    </ClInclude>
    <ClInclude Include="..\..\..\src\code\bullet\LinearMath\btPoolAllocator.h">
      <Filter>physics\bullet\LinearMath</Filter>
    </ClInclude>
    <ClInclude Include="..\..\..\src\code\bullet\LinearMath\btQuadWord.h">
      <Filter>physics\bullet\LinearMath</Filter>
    </ClInclude>
    <ClInclude Include="..\..\..\src\code\bullet\LinearMath\btQuaternion.h">
      <Filter>physics\bullet\LinearMath</Filter>
    </ClInclude>
    <ClInclude Include="..\..\..\src\code\bullet\LinearMath\btQuickprof.h">
      <Filter>physics\bullet\LinearMath</Filter>
    </ClInclude>
    <ClInclude Include="..\..\..\src\code\bullet\LinearMath\btRandom.h">
      <Filter>physics\bullet\LinearMath</Filter>
    </ClInclude>
    <ClInclude Include="..\..\..\src\code\bullet\LinearMath\btScalar.h">
      <Filter>physics\bullet\LinearMath</Filter>
    </ClInclude>
    <ClInclude Include="..\..\..\src\code\bullet\LinearMath\btSerializer.h">
      <Filter>physics\bullet\LinearMath</Filter>
    </ClInclude>
    <ClInclude Include="..\..\..\src\code\bullet\LinearMath\btStackAlloc.h">
      <Filter>physics\bullet\LinearMath</Filter>
    </ClInclude>
    <ClInclude Include="..\..\..\src\code\bullet\LinearMath\btTransform.h">
      <Filter>physics\bullet\LinearMath</Filter>
    </ClInclude>
    <ClInclude Include="..\..\..\src\code\bullet\LinearMath\btTransformUtil.h">
      <Filter>physics\bullet\LinearMath</Filter>
    </ClInclude>
    <ClInclude Include="..\..\..\src\code\bullet\LinearMath\btVector3.h">
      <Filter>physics\bullet\LinearMath</Filter>
    </ClInclude>
    <ClInclude Include="..\..\..\src\code\bullet\vectormath\vmInclude.h">
      <Filter>physics\bullet\vectormath</Filter>
    </ClInclude>
    <ClInclude Include="..\..\..\src\code\bullet\vectormath\sse\boolInVec.h">
      <Filter>physics\bullet\vectormath\sse</Filter>
    </ClInclude>
    <ClInclude Include="..\..\..\src\code\bullet\vectormath\sse\floatInVec.h">
      <Filter>physics\bullet\vectormath\sse</Filter>
    </ClInclude>
    <ClInclude Include="..\..\..\src\code\bullet\vectormath\sse\mat_aos.h">
      <Filter>physics\bullet\vectormath\sse</Filter>
    </ClInclude>
    <ClInclude Include="..\..\..\src\code\bullet\vectormath\sse\quat_aos.h">
      <Filter>physics\bullet\vectormath\sse</Filter>
    </ClInclude>
    <ClInclude Include="..\..\..\src\code\bullet\vectormath\sse\vec_aos.h">
      <Filter>physics\bullet\vectormath\sse</Filter>
    </ClInclude>
    <ClInclude Include="..\..\..\src\code\bullet\vectormath\sse\vecidx_aos.h">
      <Filter>physics\bullet\vectormath\sse</Filter>
    </ClInclude>
    <ClInclude Include="..\..\..\src\code\bullet\vectormath\sse\vectormath_aos.h">
      <Filter>physics\bullet\vectormath\sse</Filter>
    </ClInclude>
    <ClInclude Include="..\..\..\src\code\bullet\vectormath\scalar\boolInVec.h">
      <Filter>physics\bullet\vectormath\scalar</Filter>
    </ClInclude>
    <ClInclude Include="..\..\..\src\code\bullet\vectormath\scalar\floatInVec.h">
      <Filter>physics\bullet\vectormath\scalar</Filter>
    </ClInclude>
    <ClInclude Include="..\..\..\src\code\bullet\vectormath\scalar\mat_aos.h">
      <Filter>physics\bullet\vectormath\scalar</Filter>
    </ClInclude>
    <ClInclude Include="..\..\..\src\code\bullet\vectormath\scalar\quat_aos.h">
      <Filter>physics\bullet\vectormath\scalar</Filter>
    </ClInclude>
    <ClInclude Include="..\..\..\src\code\bullet\vectormath\scalar\vec_aos.h">
      <Filter>physics\bullet\vectormath\scalar</Filter>
    </ClInclude>
    <ClInclude Include="..\..\..\src\code\bullet\vectormath\scalar\vectormath_aos.h">
      <Filter>physics\bullet\vectormath\scalar</Filter>
    </ClInclude>
    <ClInclude Include="..\..\..\src\code\bullet\vectormath\neon\boolInVec.h">
      <Filter>physics\bullet\vectormath\neon</Filter>
    </ClInclude>
    <ClInclude Include="..\..\..\src\code\bullet\vectormath\neon\floatInVec.h">
      <Filter>physics\bullet\vectormath\neon</Filter>
    </ClInclude>
    <ClInclude Include="..\..\..\src\code\bullet\vectormath\neon\mat_aos.h">
      <Filter>physics\bullet\vectormath\neon</Filter>
    </ClInclude>
    <ClInclude Include="..\..\..\src\code\bullet\vectormath\neon\quat_aos.h">
      <Filter>physics\bullet\vectormath\neon</Filter>
    </ClInclude>
    <ClInclude Include="..\..\..\src\code\bullet\vectormath\neon\vec_aos.h">
      <Filter>physics\bullet\vectormath\neon</Filter>
    </ClInclude>
    <ClInclude Include="..\..\..\src\code\bullet\vectormath\neon\vectormath_aos.h">
      <Filter>physics\bullet\vectormath\neon</Filter>
    </ClInclude>
    <ClInclude Include="..\..\..\src\code\bullet\btBulletCollisionCommon.h">
      <Filter>physics\bullet\vectormath</Filter>
    </ClInclude>
  </ItemGroup>
  <ItemGroup>
    <Text Include="..\..\..\src\code\bullet\LinearMath\CMakeLists.txt">
      <Filter>physics\bullet\LinearMath</Filter>
    </Text>
  </ItemGroup>
  <ItemGroup>
    <None Include="..\..\..\src\code\bullet\LinearMath\premake4.lua">
      <Filter>physics\bullet\LinearMath</Filter>
    </None>
  </ItemGroup>
</Project>