<?xml version="1.0" encoding="utf-8"?>
<Project ToolsVersion="4.0" xmlns="http://schemas.microsoft.com/developer/msbuild/2003">
  <ItemGroup>
    <Filter Include="application">
      <UniqueIdentifier>{80389bad-e733-4703-8318-fc88c33d433f}</UniqueIdentifier>
    </Filter>
    <Filter Include="renderable">
      <UniqueIdentifier>{a1cd1d72-c6df-4fc8-b9f6-46c5fd0a82be}</UniqueIdentifier>
    </Filter>
  </ItemGroup>
  <ItemGroup>
    <ClInclude Include="..\..\..\src\code\revGraphics3d\application\application3d.h">
      <Filter>application</Filter>
    </ClInclude>
    <ClInclude Include="..\..\..\src\code\revGraphics3d\renderable\renderable.h">
      <Filter>renderable</Filter>
    </ClInclude>
    <ClInclude Include="..\..\..\src\code\revGraphics3d\renderable\renderScene.h">
      <Filter>renderable</Filter>
    </ClInclude>
  </ItemGroup>
  <ItemGroup>
    <ClCompile Include="..\..\..\src\code\revGraphics3d\application\application3d.cpp">
      <Filter>application</Filter>
    </ClCompile>
    <ClCompile Include="..\..\..\src\code\revGraphics3d\renderable\renderable.cpp">
      <Filter>renderable</Filter>
    </ClCompile>
    <ClCompile Include="..\..\..\src\code\revGraphics3d\renderable\renderScene.cpp">
      <Filter>renderable</Filter>
    </ClCompile>
  </ItemGroup>
</Project>