<?xml version="1.0" encoding="utf-8"?>
<Project ToolsVersion="4.0" xmlns="http://schemas.microsoft.com/developer/msbuild/2003">
  <ItemGroup>
    <Filter Include="application">
      <UniqueIdentifier>{4f1907e9-aa88-439a-a0af-b4ee4e66d61c}</UniqueIdentifier>
    </Filter>
    <Filter Include="canvas">
      <UniqueIdentifier>{f7019537-3554-4cc1-b6ce-129495a8bd31}</UniqueIdentifier>
    </Filter>
  </ItemGroup>
  <ItemGroup>
    <ClCompile Include="..\..\..\src\code\revCanvas\application\canvasApplication.cpp">
      <Filter>application</Filter>
    </ClCompile>
    <ClCompile Include="..\..\..\src\code\revCanvas\canvas\canvas.cpp">
      <Filter>canvas</Filter>
    </ClCompile>
  </ItemGroup>
  <ItemGroup>
    <ClInclude Include="..\..\..\src\code\revCanvas\application\canvasApplication.h">
      <Filter>application</Filter>
    </ClInclude>
    <ClInclude Include="..\..\..\src\code\revCanvas\canvas\canvas.h">
      <Filter>canvas</Filter>
    </ClInclude>
  </ItemGroup>
</Project>