<?xml version="1.0" encoding="utf-8"?>
<Project ToolsVersion="4.0" xmlns="http://schemas.microsoft.com/developer/msbuild/2003">
  <ItemGroup>
    <ClCompile Include="..\..\..\src\code\main.cpp" />
    <ClCompile Include="..\..\..\src\code\component\microcontroller\avr\avr8bit.cpp">
      <Filter>component\microcontroller\avr</Filter>
    </ClCompile>
    <ClCompile Include="..\..\..\src\code\component\microcontroller\avr\avrIOMemory.cpp">
      <Filter>component\microcontroller\avr</Filter>
    </ClCompile>
    <ClCompile Include="..\..\..\src\code\aircraft\quad\quad.cpp">
      <Filter>aircraft\quad</Filter>
    </ClCompile>
  </ItemGroup>
  <ItemGroup>
    <Filter Include="component">
      <UniqueIdentifier>{c74faec6-0b73-4d8b-8e76-beb6863b1c26}</UniqueIdentifier>
    </Filter>
    <Filter Include="component\microcontroller">
      <UniqueIdentifier>{78028c33-d56e-4e8b-a9f3-a35f4c483477}</UniqueIdentifier>
    </Filter>
    <Filter Include="component\microcontroller\avr">
      <UniqueIdentifier>{ca542f48-b12b-419c-96ae-9cd41a28fed8}</UniqueIdentifier>
    </Filter>
    <Filter Include="aircraft">
      <UniqueIdentifier>{f90421bd-771a-495d-a78e-2cb0db9d40bb}</UniqueIdentifier>
    </Filter>
    <Filter Include="aircraft\quad">
      <UniqueIdentifier>{2e098bd1-4386-4dc9-a18f-ac1ec2d0edde}</UniqueIdentifier>
    </Filter>
  </ItemGroup>
  <ItemGroup>
    <ClInclude Include="..\..\..\src\code\component\microcontroller\avr\avr8bit.h">
      <Filter>component\microcontroller\avr</Filter>
    </ClInclude>
    <ClInclude Include="..\..\..\src\code\component\microcontroller\avr\avrIOMemory.h">
      <Filter>component\microcontroller\avr</Filter>
    </ClInclude>
    <ClInclude Include="..\..\..\src\code\aircraft\quad\quad.h">
      <Filter>aircraft\quad</Filter>
    </ClInclude>
  </ItemGroup>
</Project>