<?xml version="1.0" encoding="utf-8"?>
<Project ToolsVersion="4.0" xmlns="http://schemas.microsoft.com/developer/msbuild/2003">
  <ItemGroup>
    <Filter Include="src">
      <UniqueIdentifier>{1a805757-c2bd-4c81-9658-41c2d36bbb4c}</UniqueIdentifier>
    </Filter>
    <Filter Include="src\videoDriver">
      <UniqueIdentifier>{c8cbfac5-0102-416c-804f-003653138e3d}</UniqueIdentifier>
    </Filter>
    <Filter Include="src\videoDriver\windows">
      <UniqueIdentifier>{c5ca4b36-21f2-4923-b6d3-75b3d4905298}</UniqueIdentifier>
    </Filter>
    <Filter Include="src\types">
      <UniqueIdentifier>{2a29b086-4a23-4679-99e8-40aac23fbe97}</UniqueIdentifier>
    </Filter>
    <Filter Include="src\types\window">
      <UniqueIdentifier>{6b9acf8c-4403-4b04-b088-ac353ed96191}</UniqueIdentifier>
    </Filter>
    <Filter Include="src\types\window\windows">
      <UniqueIdentifier>{0cc954f9-ba56-489c-acb7-b34880c076ec}</UniqueIdentifier>
    </Filter>
    <Filter Include="src\driver3d">
      <UniqueIdentifier>{6073f504-ffe0-4f59-bb81-b941b2156f33}</UniqueIdentifier>
    </Filter>
    <Filter Include="src\types\color">
      <UniqueIdentifier>{d93d28c2-58c8-4f87-93c9-927428b9d073}</UniqueIdentifier>
    </Filter>
    <Filter Include="src\types\shader">
      <UniqueIdentifier>{40b909e2-d216-4187-bdc0-25a359d7cfcc}</UniqueIdentifier>
    </Filter>
    <Filter Include="src\types\shader\vertex">
      <UniqueIdentifier>{9782a805-049e-4877-a7a5-980c6d4eb6bc}</UniqueIdentifier>
    </Filter>
    <Filter Include="src\types\shader\pixel">
      <UniqueIdentifier>{b8c105c0-64ee-461b-9119-daff643cb541}</UniqueIdentifier>
    </Filter>
    <Filter Include="src\driver3d\openGL21">
      <UniqueIdentifier>{680ec518-80db-4609-bb6f-408a20eedef7}</UniqueIdentifier>
    </Filter>
    <Filter Include="src\driver3d\openGL21\windows">
      <UniqueIdentifier>{036af374-e440-4470-b044-22ced9600119}</UniqueIdentifier>
    </Filter>
    <Filter Include="src\types\shader\openGL21">
      <UniqueIdentifier>{89232986-b193-4f17-8f1b-c2e34eb893bc}</UniqueIdentifier>
    </Filter>
    <Filter Include="src\types\shader\pixel\openGL21">
      <UniqueIdentifier>{ad4bcc88-e684-48e0-a895-210c52d927a5}</UniqueIdentifier>
    </Filter>
    <Filter Include="src\types\shader\vertex\openGL21">
      <UniqueIdentifier>{471cfe2c-6f44-4d3b-a884-7c13b4dbe188}</UniqueIdentifier>
    </Filter>
  </ItemGroup>
  <ItemGroup>
    <ClInclude Include="..\..\..\src\videoDriver\videoDriver.h">
      <Filter>src\videoDriver</Filter>
    </ClInclude>
    <ClInclude Include="..\..\..\src\videoDriver\windows\videoDriverWindows.h">
      <Filter>src\videoDriver\windows</Filter>
    </ClInclude>
    <ClInclude Include="..\..\..\src\types\window\videoWindow.h">
      <Filter>src\types\window</Filter>
    </ClInclude>
    <ClInclude Include="..\..\..\src\types\window\windows\videoWindowWindows.h">
      <Filter>src\types\window\windows</Filter>
    </ClInclude>
    <ClInclude Include="..\..\..\src\driver3d\driver3d.h">
      <Filter>src\driver3d</Filter>
    </ClInclude>
    <ClInclude Include="..\..\..\src\types\color\color.h">
      <Filter>src\types\color</Filter>
    </ClInclude>
    <ClInclude Include="..\..\..\src\types\shader\shader.h">
      <Filter>src\types\shader</Filter>
    </ClInclude>
    <ClInclude Include="..\..\..\src\types\shader\pixel\pxlShader.h">
      <Filter>src\types\shader\pixel</Filter>
    </ClInclude>
    <ClInclude Include="..\..\..\src\types\shader\vertex\vtxShader.h">
      <Filter>src\types\shader\vertex</Filter>
    </ClInclude>
    <ClInclude Include="..\..\..\src\driver3d\openGL21\driver3dOpenGL21.h">
      <Filter>src\driver3d\openGL21</Filter>
    </ClInclude>
    <ClInclude Include="..\..\..\src\driver3d\openGL21\glext.h">
      <Filter>src\driver3d\openGL21</Filter>
    </ClInclude>
    <ClInclude Include="..\..\..\src\driver3d\openGL21\windows\driver3dOpenGL21Windows.h">
      <Filter>src\driver3d\openGL21\windows</Filter>
    </ClInclude>
    <ClInclude Include="..\..\..\src\types\shader\vertex\openGL21\vtxShaderOpenGL21.h">
      <Filter>src\types\shader\vertex\openGL21</Filter>
    </ClInclude>
    <ClInclude Include="..\..\..\src\types\shader\pixel\openGL21\pxlShaderOpenGL21.h">
      <Filter>src\types\shader\pixel\openGL21</Filter>
    </ClInclude>
    <ClInclude Include="..\..\..\src\types\shader\openGL21\shaderOpenGL21.h">
      <Filter>src\types\shader\openGL21</Filter>
    </ClInclude>
  </ItemGroup>
  <ItemGroup>
    <ClCompile Include="..\..\..\src\videoDriver\videoDriver.cpp">
      <Filter>src\videoDriver</Filter>
    </ClCompile>
    <ClCompile Include="..\..\..\src\videoDriver\windows\videoDriverWindows.cpp">
      <Filter>src\videoDriver\windows</Filter>
    </ClCompile>
    <ClCompile Include="..\..\..\src\types\window\windows\videoWindowWindows.cpp">
      <Filter>src\types\window\windows</Filter>
    </ClCompile>
    <ClCompile Include="..\..\..\src\driver3d\openGL21\driver3dOpenGL21.cpp">
      <Filter>src\driver3d\openGL21</Filter>
    </ClCompile>
    <ClCompile Include="..\..\..\src\driver3d\openGL21\windows\driver3dOpenGL21Windows.cpp">
      <Filter>src\driver3d\openGL21\windows</Filter>
    </ClCompile>
    <ClCompile Include="..\..\..\src\types\shader\pixel\openGL21\pxlShaderOpenGL21.cpp">
      <Filter>src\types\shader\pixel\openGL21</Filter>
    </ClCompile>
    <ClCompile Include="..\..\..\src\types\shader\openGL21\shaderOpenGL21.cpp">
      <Filter>src\types\shader\openGL21</Filter>
    </ClCompile>
  </ItemGroup>
</Project>