<?xml version="1.0" encoding="utf-8"?>
<Project ToolsVersion="4.0" xmlns="http://schemas.microsoft.com/developer/msbuild/2003">
  <ItemGroup>
    <Filter Include="keyboard">
      <UniqueIdentifier>{1758f876-16f0-4a62-a0f6-c79397cfce57}</UniqueIdentifier>
    </Filter>
    <Filter Include="keyboard\windows">
      <UniqueIdentifier>{d1006652-3363-4d61-bc09-f99754dc3cdd}</UniqueIdentifier>
    </Filter>
  </ItemGroup>
  <ItemGroup>
    <ClInclude Include="..\..\..\src\code\revInput\keyboard\keyboardInput.h">
      <Filter>keyboard</Filter>
    </ClInclude>
    <ClInclude Include="..\..\..\src\code\revInput\keyboard\windows\keyboardInputWindows.h">
      <Filter>keyboard\windows</Filter>
    </ClInclude>
  </ItemGroup>
  <ItemGroup>
    <ClCompile Include="..\..\..\src\code\revInput\keyboard\windows\keyboardInputWindows.cpp">
      <Filter>keyboard\windows</Filter>
    </ClCompile>
    <ClCompile Include="..\..\..\src\code\revInput\keyboard\keyboardInput.cpp">
      <Filter>keyboard</Filter>
    </ClCompile>
  </ItemGroup>
</Project>