<?xml version="1.0" encoding="utf-8"?>
<Project ToolsVersion="4.0" xmlns="http://schemas.microsoft.com/developer/msbuild/2003">
  <ItemGroup>
    <ClInclude Include="..\..\..\src\code\revScript\variant\variant.h">
      <Filter>revScript\variant</Filter>
    </ClInclude>
    <ClInclude Include="..\..\..\src\code\revScript\backend\parser.h">
      <Filter>revScript\backend</Filter>
    </ClInclude>
    <ClInclude Include="..\..\..\src\code\revScript\backend\scriptVMBackend.h">
      <Filter>revScript\backend</Filter>
    </ClInclude>
    <ClInclude Include="..\..\..\src\code\revScript\scriptVM.h">
      <Filter>revScript</Filter>
    </ClInclude>
    <ClInclude Include="..\..\..\src\code\revScript\virtualMachine\dataTable.h">
      <Filter>revScript\virtualMachine</Filter>
    </ClInclude>
    <ClInclude Include="..\..\..\src\code\revScript\virtualMachine\executionTree\executionTree.h">
      <Filter>revScript\virtualMachine\executionTree</Filter>
    </ClInclude>
  </ItemGroup>
  <ItemGroup>
    <Filter Include="revScript">
      <UniqueIdentifier>{67d8f8ed-fece-4104-8593-348e0d2cad2a}</UniqueIdentifier>
    </Filter>
    <Filter Include="revScript\backend">
      <UniqueIdentifier>{b69255dc-7566-48c1-89a4-c2f3ad49158a}</UniqueIdentifier>
    </Filter>
    <Filter Include="revScript\variant">
      <UniqueIdentifier>{6c387b04-466e-4b6a-bedd-d6b76e0c57f0}</UniqueIdentifier>
    </Filter>
    <Filter Include="revScript\virtualMachine">
      <UniqueIdentifier>{f9203339-f664-4e77-854d-749cc27ada82}</UniqueIdentifier>
    </Filter>
    <Filter Include="revScript\virtualMachine\executionTree">
      <UniqueIdentifier>{99cbfc9e-44f4-4a70-850e-13bc280ccbad}</UniqueIdentifier>
    </Filter>
  </ItemGroup>
  <ItemGroup>
    <ClCompile Include="..\..\..\src\code\revScript\backend\lexer.cpp">
      <Filter>revScript\backend</Filter>
    </ClCompile>
    <ClCompile Include="..\..\..\src\code\revScript\backend\parser.cpp">
      <Filter>revScript\backend</Filter>
    </ClCompile>
    <ClCompile Include="..\..\..\src\code\revScript\variant\variant.cpp">
      <Filter>revScript\variant</Filter>
    </ClCompile>
    <ClCompile Include="..\..\..\src\code\revScript\scriptVM.cpp">
      <Filter>revScript</Filter>
    </ClCompile>
    <ClCompile Include="..\..\..\src\code\revScript\virtualMachine\dataTable.cpp">
      <Filter>revScript\virtualMachine</Filter>
    </ClCompile>
    <ClCompile Include="..\..\..\src\code\revScript\backend\scriptVMBackend.cpp">
      <Filter>revScript\backend</Filter>
    </ClCompile>
  </ItemGroup>
</Project>