<?xml version="1.0" encoding="utf-8"?>
<Project ToolsVersion="4.0" xmlns="http://schemas.microsoft.com/developer/msbuild/2003">
  <ItemGroup>
    <Filter Include="revCore">
      <UniqueIdentifier>{8f320bf7-5910-44ec-b994-c62c5f2d018e}</UniqueIdentifier>
    </Filter>
    <Filter Include="revVideo">
      <UniqueIdentifier>{c6940757-11cb-4ed6-ac7b-12a19987963e}</UniqueIdentifier>
    </Filter>
    <Filter Include="rtl">
      <UniqueIdentifier>{a16838ba-e1f7-4b62-b587-07b485d3aafe}</UniqueIdentifier>
    </Filter>
    <Filter Include="revVideo\viewport">
      <UniqueIdentifier>{db2a70e0-8bd1-4cc3-99db-1f4a0caa0136}</UniqueIdentifier>
    </Filter>
    <Filter Include="revVideo\videoDriver">
      <UniqueIdentifier>{036bbd35-9730-48d7-97df-a167affa8254}</UniqueIdentifier>
    </Filter>
    <Filter Include="revVideo\scene">
      <UniqueIdentifier>{f59bed0c-e50d-45ba-93ad-4f6a890e3b2f}</UniqueIdentifier>
    </Filter>
    <Filter Include="revVideo\renderer">
      <UniqueIdentifier>{89bb2d45-e5dd-4c51-adc6-d60722e5c5ec}</UniqueIdentifier>
    </Filter>
    <Filter Include="revVideo\camera">
      <UniqueIdentifier>{2c806466-24fd-485e-8724-db3b461b1ad2}</UniqueIdentifier>
    </Filter>
    <Filter Include="revVideo\color">
      <UniqueIdentifier>{3051f0bd-e97f-48f4-965c-cc021df48a52}</UniqueIdentifier>
    </Filter>
    <Filter Include="revVideo\renderer\directRenderer">
      <UniqueIdentifier>{1087ffba-491d-44cc-bc87-1e788471333b}</UniqueIdentifier>
    </Filter>
    <Filter Include="revVideo\videoDriver\opengl">
      <UniqueIdentifier>{1d7a984d-bed5-457f-be2a-7c73ca26fd83}</UniqueIdentifier>
    </Filter>
    <Filter Include="revVideo\videoDriver\android">
      <UniqueIdentifier>{ebebbc1c-20ca-42b1-8267-92013ec3745e}</UniqueIdentifier>
    </Filter>
    <Filter Include="revVideo\videoDriver\opengl\linux">
      <UniqueIdentifier>{6ae33a27-7dfb-46e9-87f0-b14dd31a973e}</UniqueIdentifier>
    </Filter>
    <Filter Include="revVideo\videoDriver\opengl\windows">
      <UniqueIdentifier>{064d6eee-909b-4283-a5a1-cd45247da5a1}</UniqueIdentifier>
    </Filter>
    <Filter Include="revGame">
      <UniqueIdentifier>{2403f14a-2dc3-424c-b205-2ed2e35c56f0}</UniqueIdentifier>
    </Filter>
    <Filter Include="revGame\gameClient">
      <UniqueIdentifier>{22337db4-c037-455c-bb88-9acac03236fe}</UniqueIdentifier>
    </Filter>
    <Filter Include="revCore\transform">
      <UniqueIdentifier>{c25eab01-9b12-43e5-a0eb-3016a7ebc3b5}</UniqueIdentifier>
    </Filter>
    <Filter Include="revCore\time">
      <UniqueIdentifier>{5e78c0ac-a4c6-4aa9-9e5b-16ebbc0a91d1}</UniqueIdentifier>
    </Filter>
    <Filter Include="revCore\node">
      <UniqueIdentifier>{c5716774-7d4e-4968-a616-692c81c4eb1a}</UniqueIdentifier>
    </Filter>
    <Filter Include="revCore\codeTools">
      <UniqueIdentifier>{679bcf68-eae0-4a51-9082-6cbfb2199bfb}</UniqueIdentifier>
    </Filter>
    <Filter Include="revCore\component">
      <UniqueIdentifier>{bfc56629-1050-4dda-b23e-06813c62e8e7}</UniqueIdentifier>
    </Filter>
    <Filter Include="revCore\file">
      <UniqueIdentifier>{890d9604-baec-492f-bca2-92a5b46fe967}</UniqueIdentifier>
    </Filter>
    <Filter Include="revCore\math">
      <UniqueIdentifier>{c66f6390-f279-450c-b41a-25a5e89c9750}</UniqueIdentifier>
    </Filter>
    <Filter Include="revCore\memory">
      <UniqueIdentifier>{053438fd-37aa-4fcb-af09-8c968b7cccfe}</UniqueIdentifier>
    </Filter>
    <Filter Include="revCore\codeTools\assert">
      <UniqueIdentifier>{a66391af-b2b1-4b64-87c7-b5959c66ada5}</UniqueIdentifier>
    </Filter>
    <Filter Include="revCore\codeTools\log">
      <UniqueIdentifier>{1d525a5b-f450-4e3e-960b-e274fb105911}</UniqueIdentifier>
    </Filter>
    <Filter Include="revInput">
      <UniqueIdentifier>{7af4bf2a-8380-4837-8219-a2fe0a104021}</UniqueIdentifier>
    </Filter>
    <Filter Include="revInput\touchInput">
      <UniqueIdentifier>{bda9c3ca-eef6-49d2-9721-7a0827042f7e}</UniqueIdentifier>
    </Filter>
    <Filter Include="revInput\touchInput\windows">
      <UniqueIdentifier>{9aa7ec57-27dc-4ed0-9c60-14fb12d4642a}</UniqueIdentifier>
    </Filter>
    <Filter Include="revInput\touchInput\android">
      <UniqueIdentifier>{75d805e0-bf43-4767-9a55-493d2edce879}</UniqueIdentifier>
    </Filter>
    <Filter Include="revVideo\material">
      <UniqueIdentifier>{625763e2-c8c4-4331-bb98-33e4a78f5deb}</UniqueIdentifier>
    </Filter>
    <Filter Include="revVideo\material\basic">
      <UniqueIdentifier>{32c3015c-27b5-4200-8033-cdf381e71041}</UniqueIdentifier>
    </Filter>
    <Filter Include="revCore\resourceManager">
      <UniqueIdentifier>{84197a30-7fdb-47ce-91f1-8e251b7374d9}</UniqueIdentifier>
    </Filter>
    <Filter Include="revVideo\videoDriver\shader">
      <UniqueIdentifier>{a4908071-c452-40f3-9f8f-ea84dc4b84e4}</UniqueIdentifier>
    </Filter>
    <Filter Include="revVideo\texture">
      <UniqueIdentifier>{e83bcdbd-9dc6-46ff-ac4b-f7021b553cf8}</UniqueIdentifier>
    </Filter>
    <Filter Include="revGame\gui">
      <UniqueIdentifier>{eb742640-eb33-4b75-9208-cfaad3f195c4}</UniqueIdentifier>
    </Filter>
    <Filter Include="revGame\scene">
      <UniqueIdentifier>{4e54138b-7a49-4d1f-bbcd-2472d9a982d9}</UniqueIdentifier>
    </Filter>
    <Filter Include="revGame\scene\object">
      <UniqueIdentifier>{6252cc83-2466-4704-9e6a-bd979058f23f}</UniqueIdentifier>
    </Filter>
    <Filter Include="stl">
      <UniqueIdentifier>{81fd40f0-624f-4bd1-b190-495483a2475f}</UniqueIdentifier>
    </Filter>
    <Filter Include="revGame\scene\meshGenerator">
      <UniqueIdentifier>{1f9c731b-09cc-4e35-a86d-1fd74f426abe}</UniqueIdentifier>
    </Filter>
    <Filter Include="revVideo\scene\model">
      <UniqueIdentifier>{087f7760-412d-47d3-a766-bf87fa86df48}</UniqueIdentifier>
    </Filter>
    <Filter Include="revInput\keyboardInput">
      <UniqueIdentifier>{c96ce2ed-9d22-4f0d-bf40-5f69241e5caa}</UniqueIdentifier>
    </Filter>
    <Filter Include="revInput\keyboardInput\windows">
      <UniqueIdentifier>{70853000-b5b3-4cc7-8680-24df52044f54}</UniqueIdentifier>
    </Filter>
    <Filter Include="revGame\tools">
      <UniqueIdentifier>{1eef496e-c55b-4dc4-894b-72b2aa598438}</UniqueIdentifier>
    </Filter>
    <Filter Include="revPhysics">
      <UniqueIdentifier>{7bfa7447-3c24-49ae-9b64-d9d6b32903be}</UniqueIdentifier>
    </Filter>
    <Filter Include="revPhysics\world">
      <UniqueIdentifier>{8d0a3dbd-3142-4bd2-a73e-9dc2e8c4f043}</UniqueIdentifier>
    </Filter>
    <Filter Include="revPhysics\rigidBody">
      <UniqueIdentifier>{0798d7e4-7087-48a6-88e1-ae783113c754}</UniqueIdentifier>
    </Filter>
    <Filter Include="revGame\gameClient\windows">
      <UniqueIdentifier>{600a64f5-285e-4bbd-9174-d078eebb6abd}</UniqueIdentifier>
    </Filter>
    <Filter Include="revScript">
      <UniqueIdentifier>{97e2c9f3-7178-4782-8d61-5c3a6f74977c}</UniqueIdentifier>
    </Filter>
    <Filter Include="revScript\analisys">
      <UniqueIdentifier>{f3f9a177-f3ee-4e45-a142-432787e8b92a}</UniqueIdentifier>
    </Filter>
    <Filter Include="revScript\analisys\lexer">
      <UniqueIdentifier>{e600d79b-27c8-49a5-847d-0c387530a349}</UniqueIdentifier>
    </Filter>
    <Filter Include="revScript\analisys\parser">
      <UniqueIdentifier>{577939c2-ae00-494f-9910-906cb316de3a}</UniqueIdentifier>
    </Filter>
    <Filter Include="revCore\variant">
      <UniqueIdentifier>{2e8d3d3a-638f-4880-8e6e-fb1aec9ce32f}</UniqueIdentifier>
    </Filter>
    <Filter Include="revCore\delegate">
      <UniqueIdentifier>{38e9ea7b-24c4-4504-b1b9-6f518dfc1c43}</UniqueIdentifier>
    </Filter>
    <Filter Include="revCore\codeTools\profiler">
      <UniqueIdentifier>{f4ade60b-87a4-4d9d-b93a-057edf2d6c3a}</UniqueIdentifier>
    </Filter>
  </ItemGroup>
  <ItemGroup>
    <ClInclude Include="..\..\code\rtl\baseTypes.h">
      <Filter>rtl</Filter>
    </ClInclude>
    <ClInclude Include="..\..\code\rtl\map.h">
      <Filter>rtl</Filter>
    </ClInclude>
    <ClInclude Include="..\..\code\rtl\multimap.h">
      <Filter>rtl</Filter>
    </ClInclude>
    <ClInclude Include="..\..\code\rtl\poolset.h">
      <Filter>rtl</Filter>
    </ClInclude>
    <ClInclude Include="..\..\code\revVideo\video.h">
      <Filter>revVideo</Filter>
    </ClInclude>
    <ClInclude Include="..\..\code\revVideo\camera\camera.h">
      <Filter>revVideo\camera</Filter>
    </ClInclude>
    <ClInclude Include="..\..\code\revVideo\camera\orthoCamera.h">
      <Filter>revVideo\camera</Filter>
    </ClInclude>
    <ClInclude Include="..\..\code\revVideo\color\color.h">
      <Filter>revVideo\color</Filter>
    </ClInclude>
    <ClInclude Include="..\..\code\revVideo\renderer\renderer3d.h">
      <Filter>revVideo\renderer</Filter>
    </ClInclude>
    <ClInclude Include="..\..\code\revVideo\renderer\directRenderer\directRenderer.h">
      <Filter>revVideo\renderer\directRenderer</Filter>
    </ClInclude>
    <ClInclude Include="..\..\code\revVideo\scene\renderable.h">
      <Filter>revVideo\scene</Filter>
    </ClInclude>
    <ClInclude Include="..\..\code\revVideo\scene\videoScene.h">
      <Filter>revVideo\scene</Filter>
    </ClInclude>
    <ClInclude Include="..\..\code\revVideo\videoDriver\videoDriver.h">
      <Filter>revVideo\videoDriver</Filter>
    </ClInclude>
    <ClInclude Include="..\..\code\revVideo\videoDriver\android\videoDriverAndroid.h">
      <Filter>revVideo\videoDriver\android</Filter>
    </ClInclude>
    <ClInclude Include="..\..\code\revVideo\videoDriver\opengl\glext.h">
      <Filter>revVideo\videoDriver\opengl</Filter>
    </ClInclude>
    <ClInclude Include="..\..\code\revVideo\videoDriver\opengl\videoDriverOpenGL.h">
      <Filter>revVideo\videoDriver\opengl</Filter>
    </ClInclude>
    <ClInclude Include="..\..\code\revVideo\videoDriver\opengl\windows\videoDriverOGLWindows.h">
      <Filter>revVideo\videoDriver\opengl\windows</Filter>
    </ClInclude>
    <ClInclude Include="..\..\code\revVideo\videoDriver\opengl\linux\videoDriverLinux.h">
      <Filter>revVideo\videoDriver\opengl\linux</Filter>
    </ClInclude>
    <ClInclude Include="..\..\code\revVideo\viewport\viewport.h">
      <Filter>revVideo\viewport</Filter>
    </ClInclude>
    <ClInclude Include="..\..\code\revGame\gameClient\gameClient.h">
      <Filter>revGame\gameClient</Filter>
    </ClInclude>
    <ClInclude Include="..\..\code\revCore\types.h">
      <Filter>revCore</Filter>
    </ClInclude>
    <ClInclude Include="..\..\code\revCore\codeTools\assert\assert.h">
      <Filter>revCore\codeTools\assert</Filter>
    </ClInclude>
    <ClInclude Include="..\..\code\revCore\codeTools\log\log.h">
      <Filter>revCore\codeTools\log</Filter>
    </ClInclude>
    <ClInclude Include="..\..\code\revCore\component\component.h">
      <Filter>revCore\component</Filter>
    </ClInclude>
    <ClInclude Include="..\..\code\revCore\file\file.h">
      <Filter>revCore\file</Filter>
    </ClInclude>
    <ClInclude Include="..\..\code\revCore\math\matrix.h">
      <Filter>revCore\math</Filter>
    </ClInclude>
    <ClInclude Include="..\..\code\revCore\math\quaternion.h">
      <Filter>revCore\math</Filter>
    </ClInclude>
    <ClInclude Include="..\..\code\revCore\math\vector.h">
      <Filter>revCore\math</Filter>
    </ClInclude>
    <ClInclude Include="..\..\code\revCore\memory\memory.h">
      <Filter>revCore\memory</Filter>
    </ClInclude>
    <ClInclude Include="..\..\code\revCore\node\node.h">
      <Filter>revCore\node</Filter>
    </ClInclude>
    <ClInclude Include="..\..\code\revCore\time\time.h">
      <Filter>revCore\time</Filter>
    </ClInclude>
    <ClInclude Include="..\..\code\revCore\time\timeSrc.h">
      <Filter>revCore\time</Filter>
    </ClInclude>
    <ClInclude Include="..\..\code\revCore\transform\transformSrc.h">
      <Filter>revCore\transform</Filter>
    </ClInclude>
    <ClInclude Include="..\..\code\revInput\touchInput\touchInput.h">
      <Filter>revInput\touchInput</Filter>
    </ClInclude>
    <ClInclude Include="..\..\code\revInput\touchInput\windows\touchInputWin32.h">
      <Filter>revInput\touchInput\windows</Filter>
    </ClInclude>
    <ClInclude Include="..\..\code\revInput\touchInput\android\touchInputAndroid.h">
      <Filter>revInput\touchInput\android</Filter>
    </ClInclude>
    <ClInclude Include="..\..\code\revVideo\material\materialInstance.h">
      <Filter>revVideo\material</Filter>
    </ClInclude>
    <ClInclude Include="..\..\code\revVideo\material\material.h">
      <Filter>revVideo\material</Filter>
    </ClInclude>
    <ClInclude Include="..\..\code\revCore\resourceManager\resource.h">
      <Filter>revCore\resourceManager</Filter>
    </ClInclude>
    <ClInclude Include="..\..\code\revCore\resourceManager\resourceManager.h">
      <Filter>revCore\resourceManager</Filter>
    </ClInclude>
    <ClInclude Include="..\..\code\revVideo\videoDriver\shader\shader.h">
      <Filter>revVideo\videoDriver\shader</Filter>
    </ClInclude>
    <ClInclude Include="..\..\code\revVideo\videoDriver\shader\vtxShader.h">
      <Filter>revVideo\videoDriver\shader</Filter>
    </ClInclude>
    <ClInclude Include="..\..\code\revVideo\videoDriver\shader\pxlShader.h">
      <Filter>revVideo\videoDriver\shader</Filter>
    </ClInclude>
    <ClInclude Include="..\..\code\revVideo\material\basic\solidColorMaterial.h">
      <Filter>revVideo\material\basic</Filter>
    </ClInclude>
    <ClInclude Include="..\..\code\revVideo\scene\renderableInstance.h">
      <Filter>revVideo\scene</Filter>
    </ClInclude>
    <ClInclude Include="..\..\code\revVideo\texture\texture.h">
      <Filter>revVideo\texture</Filter>
    </ClInclude>
    <ClInclude Include="..\..\code\revVideo\material\basic\plainTextureMaterial.h">
      <Filter>revVideo\material\basic</Filter>
    </ClInclude>
    <ClInclude Include="..\..\code\revVideo\material\basic\raymarchingMaterial.h">
      <Filter>revVideo\material\basic</Filter>
    </ClInclude>
    <ClInclude Include="..\..\code\revGame\gui\panel.h">
      <Filter>revGame\gui</Filter>
    </ClInclude>
    <ClInclude Include="..\..\code\revGame\gui\guiElement.h">
      <Filter>revGame\gui</Filter>
    </ClInclude>
    <ClInclude Include="..\..\code\revCore\string.h">
      <Filter>revCore</Filter>
    </ClInclude>
    <ClInclude Include="..\..\code\revVideo\material\basic\diffuseTextureMaterial.h">
      <Filter>revVideo\material\basic</Filter>
    </ClInclude>
    <ClInclude Include="..\..\code\revVideo\camera\perspectiveCamera.h">
      <Filter>revVideo\camera</Filter>
    </ClInclude>
    <ClInclude Include="..\..\code\revGame\scene\object\staticObject.h">
      <Filter>revGame\scene\object</Filter>
    </ClInclude>
    <ClInclude Include="..\..\code\revCore\resourceManager\passiveResourceManager.h">
      <Filter>revCore\resourceManager</Filter>
    </ClInclude>
    <ClInclude Include="..\..\code\revCore\resourceManager\passiveResource.h">
      <Filter>revCore\resourceManager</Filter>
    </ClInclude>
    <ClInclude Include="..\..\..\..\..\stl\iterator.h">
      <Filter>stl</Filter>
    </ClInclude>
    <ClInclude Include="..\..\..\..\..\stl\iterator_traits.h">
      <Filter>stl</Filter>
    </ClInclude>
    <ClInclude Include="..\..\..\..\..\stl\iterator_tags.h">
      <Filter>stl</Filter>
    </ClInclude>
    <ClInclude Include="..\..\..\..\..\stl\utility.h">
      <Filter>stl</Filter>
    </ClInclude>
    <ClInclude Include="..\..\..\..\..\stl\memory.h">
      <Filter>stl</Filter>
    </ClInclude>
    <ClInclude Include="..\..\..\..\..\stl\vector.h">
      <Filter>stl</Filter>
    </ClInclude>
    <ClInclude Include="..\..\code\revVideo\scene\model\quad.h">
      <Filter>revVideo\scene\model</Filter>
    </ClInclude>
    <ClInclude Include="..\..\code\revVideo\scene\model\staticModel.h">
      <Filter>revVideo\scene\model</Filter>
    </ClInclude>
    <ClInclude Include="..\..\code\revVideo\scene\model\staticModelInstance.h">
      <Filter>revVideo\scene\model</Filter>
    </ClInclude>
    <ClInclude Include="..\..\code\revGame\scene\mesh\meshGenerator.h">
      <Filter>revGame\scene\meshGenerator</Filter>
    </ClInclude>
    <ClInclude Include="..\..\code\revInput\keyboardInput\keyboardInput.h">
      <Filter>revInput\keyboardInput</Filter>
    </ClInclude>
    <ClInclude Include="..\..\code\revInput\keyboardInput\windows\keyboardInputWindows.h">
      <Filter>revInput\keyboardInput\windows</Filter>
    </ClInclude>
    <ClInclude Include="..\..\code\revGame\tools\dataVisualizer.h">
      <Filter>revGame\tools</Filter>
    </ClInclude>
    <ClInclude Include="..\..\code\revPhysics\world\physicsWorld.h">
      <Filter>revPhysics\world</Filter>
    </ClInclude>
    <ClInclude Include="..\..\code\revPhysics\rigidBodiy\rigidBody.h">
      <Filter>revPhysics\rigidBody</Filter>
    </ClInclude>
    <ClInclude Include="..\..\..\..\..\stl\utility_operartors.h">
      <Filter>stl</Filter>
    </ClInclude>
    <ClInclude Include="..\..\code\revGame\gameClient\windows\windowsHandler.h">
      <Filter>revGame\gameClient\windows</Filter>
    </ClInclude>
    <ClInclude Include="..\..\..\..\..\stl\dictionary.h">
      <Filter>stl</Filter>
    </ClInclude>
    <ClInclude Include="..\..\code\revScript\script.h">
      <Filter>revScript</Filter>
    </ClInclude>
    <ClInclude Include="..\..\code\revScript\scriptMachine.h">
      <Filter>revScript</Filter>
    </ClInclude>
    <ClInclude Include="..\..\code\revScript\scriptToken.h">
      <Filter>revScript</Filter>
    </ClInclude>
    <ClInclude Include="..\..\code\revScript\syntax.h">
      <Filter>revScript</Filter>
    </ClInclude>
    <ClInclude Include="..\..\code\revScript\analisys\lexer\lexicalAnalizer.h">
      <Filter>revScript\analisys\lexer</Filter>
    </ClInclude>
    <ClInclude Include="..\..\code\revScript\analisys\parser\syntaxParser.h">
      <Filter>revScript\analisys\parser</Filter>
    </ClInclude>
    <ClInclude Include="..\..\code\revCore\variant\variant.h">
      <Filter>revCore\variant</Filter>
    </ClInclude>
    <ClInclude Include="..\..\code\revCore\delegate\delegate.h">
      <Filter>revCore\delegate</Filter>
    </ClInclude>
    <ClInclude Include="..\..\code\revCore\file\fileWatcher.h">
      <Filter>revCore\file</Filter>
    </ClInclude>
    <ClInclude Include="..\..\code\revCore\codeTools\profiler\profiler.h">
      <Filter>revCore\codeTools\profiler</Filter>
    </ClInclude>
  </ItemGroup>
  <ItemGroup>
    <ClCompile Include="..\..\code\revVideo\video.cpp">
      <Filter>revVideo</Filter>
    </ClCompile>
    <ClCompile Include="..\..\code\revVideo\camera\camera.cpp">
      <Filter>revVideo\camera</Filter>
    </ClCompile>
    <ClCompile Include="..\..\code\revVideo\camera\orthoCamera.cpp">
      <Filter>revVideo\camera</Filter>
    </ClCompile>
    <ClCompile Include="..\..\code\revVideo\color\color.cpp">
      <Filter>revVideo\color</Filter>
    </ClCompile>
    <ClCompile Include="..\..\code\revVideo\renderer\directRenderer\directRenderer.cpp">
      <Filter>revVideo\renderer\directRenderer</Filter>
    </ClCompile>
    <ClCompile Include="..\..\code\revVideo\scene\videoScene.cpp">
      <Filter>revVideo\scene</Filter>
    </ClCompile>
    <ClCompile Include="..\..\code\revVideo\videoDriver\android\videoDriverAndroid.cpp">
      <Filter>revVideo\videoDriver\android</Filter>
    </ClCompile>
    <ClCompile Include="..\..\code\revVideo\videoDriver\opengl\videoDriverOpenGL.cpp">
      <Filter>revVideo\videoDriver\opengl</Filter>
    </ClCompile>
    <ClCompile Include="..\..\code\revVideo\videoDriver\opengl\windows\videoDriverOGLWindows.cpp">
      <Filter>revVideo\videoDriver\opengl\windows</Filter>
    </ClCompile>
    <ClCompile Include="..\..\code\revVideo\videoDriver\opengl\linux\videoDriverLinux.cpp">
      <Filter>revVideo\videoDriver\opengl\linux</Filter>
    </ClCompile>
    <ClCompile Include="..\..\code\revVideo\viewport\viewport.cpp">
      <Filter>revVideo\viewport</Filter>
    </ClCompile>
    <ClCompile Include="..\..\code\revGame\gameClient\gameClient.cpp">
      <Filter>revGame\gameClient</Filter>
    </ClCompile>
    <ClCompile Include="..\..\code\revCore\codeTools\log\log.cpp">
      <Filter>revCore\codeTools\log</Filter>
    </ClCompile>
    <ClCompile Include="..\..\code\revCore\component\component.cpp">
      <Filter>revCore\component</Filter>
    </ClCompile>
    <ClCompile Include="..\..\code\revCore\file\file.cpp">
      <Filter>revCore\file</Filter>
    </ClCompile>
    <ClCompile Include="..\..\code\revCore\math\matrix.cpp">
      <Filter>revCore\math</Filter>
    </ClCompile>
    <ClCompile Include="..\..\code\revCore\math\quaternion.cpp">
      <Filter>revCore\math</Filter>
    </ClCompile>
    <ClCompile Include="..\..\code\revCore\math\vector.cpp">
      <Filter>revCore\math</Filter>
    </ClCompile>
    <ClCompile Include="..\..\code\revCore\node\node.cpp">
      <Filter>revCore\node</Filter>
    </ClCompile>
    <ClCompile Include="..\..\code\revCore\time\time.cpp">
      <Filter>revCore\time</Filter>
    </ClCompile>
    <ClCompile Include="..\..\code\revCore\transform\transformSrc.cpp">
      <Filter>revCore\transform</Filter>
    </ClCompile>
    <ClCompile Include="..\..\code\revInput\touchInput\touchInput.cpp">
      <Filter>revInput\touchInput</Filter>
    </ClCompile>
    <ClCompile Include="..\..\code\revInput\touchInput\windows\touchInputWin32.cpp">
      <Filter>revInput\touchInput\windows</Filter>
    </ClCompile>
    <ClCompile Include="..\..\code\revVideo\material\basic\solidColorMaterial.cpp">
      <Filter>revVideo\material\basic</Filter>
    </ClCompile>
    <ClCompile Include="..\..\code\revVideo\videoDriver\shader\shader.cpp">
      <Filter>revVideo\videoDriver\shader</Filter>
    </ClCompile>
    <ClCompile Include="..\..\code\revVideo\videoDriver\shader\vtxShader.cpp">
      <Filter>revVideo\videoDriver\shader</Filter>
    </ClCompile>
    <ClCompile Include="..\..\code\revVideo\videoDriver\shader\pxlShader.cpp">
      <Filter>revVideo\videoDriver\shader</Filter>
    </ClCompile>
    <ClCompile Include="..\..\code\revVideo\texture\texture.cpp">
      <Filter>revVideo\texture</Filter>
    </ClCompile>
    <ClCompile Include="..\..\code\revVideo\material\basic\plainTextureMaterial.cpp">
      <Filter>revVideo\material\basic</Filter>
    </ClCompile>
    <ClCompile Include="..\..\code\revVideo\scene\renderableInstance.cpp">
      <Filter>revVideo\scene</Filter>
    </ClCompile>
    <ClCompile Include="..\..\code\revVideo\material\basic\raymarchingMaterial.cpp">
      <Filter>revVideo\material\basic</Filter>
    </ClCompile>
    <ClCompile Include="..\..\code\revGame\gui\panel.cpp">
      <Filter>revGame\gui</Filter>
    </ClCompile>
    <ClCompile Include="..\..\code\revGame\gui\guiElement.cpp">
      <Filter>revGame\gui</Filter>
    </ClCompile>
    <ClCompile Include="..\..\code\revVideo\material\basic\diffuseTextureMaterial.cpp">
      <Filter>revVideo\material\basic</Filter>
    </ClCompile>
    <ClCompile Include="..\..\code\revVideo\camera\perspectiveCamera.cpp">
      <Filter>revVideo\camera</Filter>
    </ClCompile>
    <ClCompile Include="..\..\code\revGame\scene\object\staticObject.cpp">
      <Filter>revGame\scene\object</Filter>
    </ClCompile>
    <ClCompile Include="..\..\code\revVideo\material\material.cpp">
      <Filter>revVideo\material</Filter>
    </ClCompile>
    <ClCompile Include="..\..\code\revVideo\material\materialInstance.cpp">
      <Filter>revVideo\material</Filter>
    </ClCompile>
    <ClCompile Include="..\..\code\revVideo\scene\model\quad.cpp">
      <Filter>revVideo\scene\model</Filter>
    </ClCompile>
    <ClCompile Include="..\..\code\revVideo\scene\model\staticModel.cpp">
      <Filter>revVideo\scene\model</Filter>
    </ClCompile>
    <ClCompile Include="..\..\code\revVideo\scene\model\staticModelInstance.cpp">
      <Filter>revVideo\scene\model</Filter>
    </ClCompile>
    <ClCompile Include="..\..\code\revGame\scene\mesh\meshGenerator.cpp">
      <Filter>revGame\scene\meshGenerator</Filter>
    </ClCompile>
    <ClCompile Include="..\..\code\revInput\keyboardInput\keyboardInput.cpp">
      <Filter>revInput\keyboardInput</Filter>
    </ClCompile>
    <ClCompile Include="..\..\code\revInput\keyboardInput\windows\keyboardInputWindows.cpp">
      <Filter>revInput\keyboardInput\windows</Filter>
    </ClCompile>
    <ClCompile Include="..\..\code\revGame\tools\dataVisualizer.cpp">
      <Filter>revGame\tools</Filter>
    </ClCompile>
    <ClCompile Include="..\..\code\revPhysics\rigidBodiy\rigidBody.cpp">
      <Filter>revPhysics\rigidBody</Filter>
    </ClCompile>
    <ClCompile Include="..\..\code\revPhysics\world\physicsWorld.cpp">
      <Filter>revPhysics\world</Filter>
    </ClCompile>
    <ClCompile Include="..\..\code\revGame\gameClient\windows\windowsHandler.cpp">
      <Filter>revGame\gameClient\windows</Filter>
    </ClCompile>
    <ClCompile Include="..\..\code\revCore\string.cpp">
      <Filter>revCore</Filter>
    </ClCompile>
    <ClCompile Include="..\..\code\revScript\script.cpp">
      <Filter>revScript</Filter>
    </ClCompile>
    <ClCompile Include="..\..\code\revScript\analisys\lexer\lexicalAnalizer.cpp">
      <Filter>revScript\analisys\lexer</Filter>
    </ClCompile>
    <ClCompile Include="..\..\code\revScript\analisys\parser\syntaxParser.cpp">
      <Filter>revScript\analisys\parser</Filter>
    </ClCompile>
    <ClCompile Include="..\..\code\revCore\variant\variant.cpp">
      <Filter>revCore\variant</Filter>
    </ClCompile>
    <ClCompile Include="..\..\code\revCore\file\fileWatcher.cpp">
      <Filter>revCore\file</Filter>
    </ClCompile>
    <ClCompile Include="..\..\code\revCore\codeTools\profiler\profiler.cpp">
      <Filter>revCore\codeTools\profiler</Filter>
    </ClCompile>
    <ClCompile Include="..\..\code\revVideo\renderer\renderer3d.cpp">
      <Filter>revVideo\renderer</Filter>
    </ClCompile>
  </ItemGroup>
</Project>