
Microsoft Visual Studio Solution File, Format Version 11.00
# Visual C++ Express 2010
Project("{8BC9CEB8-8B4A-11D0-8D11-00A0C91BC942}") = "gameClient", "gameClient.vcxproj", "{BA495296-E035-491E-A957-0E1A259BD8DF}"
EndProject
Project("{8BC9CEB8-8B4A-11D0-8D11-00A0C91BC942}") = "rev", "..\..\..\..\..\engine\src\project\windows\rev.vcxproj", "{7CEF0D8B-B6C3-48A5-869E-38EA9BE0A49D}"
EndProject
Global
	GlobalSection(SolutionConfigurationPlatforms) = preSolution
		Debug|Win32 = Debug|Win32
		Release|Win32 = Release|Win32
	EndGlobalSection
	GlobalSection(ProjectConfigurationPlatforms) = postSolution
		{BA495296-E035-491E-A957-0E1A259BD8DF}.Debug|Win32.ActiveCfg = Debug|Win32
		{BA495296-E035-491E-A957-0E1A259BD8DF}.Debug|Win32.Build.0 = Debug|Win32
		{BA495296-E035-491E-A957-0E1A259BD8DF}.Release|Win32.ActiveCfg = Release|Win32
		{BA495296-E035-491E-A957-0E1A259BD8DF}.Release|Win32.Build.0 = Release|Win32
		{7CEF0D8B-B6C3-48A5-869E-38EA9BE0A49D}.Debug|Win32.ActiveCfg = Debug|Win32
		{7CEF0D8B-B6C3-48A5-869E-38EA9BE0A49D}.Debug|Win32.Build.0 = Debug|Win32
		{7CEF0D8B-B6C3-48A5-869E-38EA9BE0A49D}.Release|Win32.ActiveCfg = Release|Win32
		{7CEF0D8B-B6C3-48A5-869E-38EA9BE0A49D}.Release|Win32.Build.0 = Release|Win32
	EndGlobalSection
	GlobalSection(SolutionProperties) = preSolution
		HideSolutionNode = FALSE
	EndGlobalSection
EndGlobal
