<?xml version="1.0" encoding="utf-8"?>
<Project ToolsVersion="4.0" xmlns="http://schemas.microsoft.com/developer/msbuild/2003">
  <ItemGroup>
    <Filter Include="windows">
      <UniqueIdentifier>{94f1ce19-4e8a-4fcd-b169-a353b7d6f3f1}</UniqueIdentifier>
    </Filter>
  </ItemGroup>
  <ItemGroup>
    <ClCompile Include="..\..\code\windows\main.cpp">
      <Filter>windows</Filter>
    </ClCompile>
  </ItemGroup>
</Project>