<?xml version="1.0" encoding="utf-8"?>
<Project ToolsVersion="4.0" xmlns="http://schemas.microsoft.com/developer/msbuild/2003">
  <ItemGroup>
    <Filter Include="code">
      <UniqueIdentifier>{57c2b63f-a963-4159-83e2-0be1c2b3b788}</UniqueIdentifier>
    </Filter>
    <Filter Include="code\windows">
      <UniqueIdentifier>{5fe1bfb2-df21-4ec0-b2e6-ca7a9cdc1434}</UniqueIdentifier>
    </Filter>
    <Filter Include="code\client">
      <UniqueIdentifier>{ea46af84-7443-4f04-96e1-d997fe612b24}</UniqueIdentifier>
    </Filter>
    <Filter Include="code\shaderRender">
      <UniqueIdentifier>{e196468b-175a-4baf-bb8f-d1eee448d936}</UniqueIdentifier>
    </Filter>
  </ItemGroup>
  <ItemGroup>
    <ClCompile Include="..\..\code\windows\main.cpp">
      <Filter>code\windows</Filter>
    </ClCompile>
    <ClCompile Include="..\..\code\client\shaderToolClient.cpp">
      <Filter>code\client</Filter>
    </ClCompile>
    <ClCompile Include="..\..\code\shaderRender\surface.cpp">
      <Filter>code\shaderRender</Filter>
    </ClCompile>
    <ClCompile Include="..\..\code\shaderRender\shaderMaterial.cpp">
      <Filter>code\shaderRender</Filter>
    </ClCompile>
  </ItemGroup>
  <ItemGroup>
    <ClInclude Include="..\..\code\client\shaderToolClient.h">
      <Filter>code\client</Filter>
    </ClInclude>
    <ClInclude Include="..\..\code\shaderRender\surface.h">
      <Filter>code\shaderRender</Filter>
    </ClInclude>
    <ClInclude Include="..\..\code\shaderRender\shaderMaterial.h">
      <Filter>code\shaderRender</Filter>
    </ClInclude>
  </ItemGroup>
</Project>