<?xml version="1.0" encoding="utf-8"?>
<Project ToolsVersion="4.0" xmlns="http://schemas.microsoft.com/developer/msbuild/2003">
  <ItemGroup>
    <ClInclude Include="..\src\math\noise.h">
      <Filter>src\math</Filter>
    </ClInclude>
    <ClInclude Include="..\src\math\numericTraits.h">
      <Filter>src\math</Filter>
    </ClInclude>
    <ClInclude Include="..\src\math\algebra\matrix.h">
      <Filter>src\math\algebra</Filter>
    </ClInclude>
    <ClInclude Include="..\src\math\algebra\quaternion.h">
      <Filter>src\math\algebra</Filter>
    </ClInclude>
    <ClInclude Include="..\src\math\algebra\vector.h">
      <Filter>src\math\algebra</Filter>
    </ClInclude>
    <ClInclude Include="..\src\math\geometry\kdtree.h">
      <Filter>src\math\geometry</Filter>
    </ClInclude>
    <ClInclude Include="..\src\math\geometry\types.h">
      <Filter>src\math\geometry</Filter>
    </ClInclude>
    <ClInclude Include="..\src\input\sensors\accelerometer.h">
      <Filter>src\input\sensors</Filter>
    </ClInclude>
    <ClInclude Include="..\src\core\time\time.h">
      <Filter>src\core\time</Filter>
    </ClInclude>
    <ClInclude Include="..\src\video\graphics\driver\graphicsDriver.h">
      <Filter>src\video\graphics\driver</Filter>
    </ClInclude>
    <ClInclude Include="..\src\video\graphics\driver\openGL\glew.h">
      <Filter>src\video\graphics\driver\OpenGL</Filter>
    </ClInclude>
    <ClInclude Include="..\src\video\graphics\driver\openGL\glxew.h">
      <Filter>src\video\graphics\driver\OpenGL</Filter>
    </ClInclude>
    <ClInclude Include="..\src\video\graphics\driver\openGL\openGLDriver.h">
      <Filter>src\video\graphics\driver\OpenGL</Filter>
    </ClInclude>
    <ClInclude Include="..\src\video\graphics\driver\openGL\wglew.h">
      <Filter>src\video\graphics\driver\OpenGL</Filter>
    </ClInclude>
    <ClInclude Include="..\src\video\graphics\driver\openGL\android\openGLDriverAndroid.h">
      <Filter>src\video\graphics\driver\OpenGL\android</Filter>
    </ClInclude>
    <ClInclude Include="..\src\video\basicTypes\camera.h">
      <Filter>src\video\basicTypes</Filter>
    </ClInclude>
    <ClInclude Include="..\src\video\basicTypes\color.h">
      <Filter>src\video\basicTypes</Filter>
    </ClInclude>
    <ClInclude Include="..\src\video\basicTypes\texture.h">
      <Filter>src\video\basicTypes</Filter>
    </ClInclude>
    <ClInclude Include="..\src\video\graphics\shader\shader.h">
      <Filter>src\video\graphics\shader</Filter>
    </ClInclude>
    <ClInclude Include="..\src\video\graphics\shader\openGL\openGLShader.h">
      <Filter>src\video\graphics\shader\openGL</Filter>
    </ClInclude>
    <ClInclude Include="..\src\video\graphics\renderer\debugDrawer.h">
      <Filter>src\video\graphics\renderer</Filter>
    </ClInclude>
    <ClInclude Include="..\src\video\graphics\renderer\material.h">
      <Filter>src\video\graphics\renderer</Filter>
    </ClInclude>
    <ClInclude Include="..\src\video\graphics\renderer\renderContext.h">
      <Filter>src\video\graphics\renderer</Filter>
    </ClInclude>
    <ClInclude Include="..\src\video\graphics\renderer\renderMesh.h">
      <Filter>src\video\graphics\renderer</Filter>
    </ClInclude>
    <ClInclude Include="..\src\video\graphics\renderer\renderObj.h">
      <Filter>src\video\graphics\renderer</Filter>
    </ClInclude>
    <ClInclude Include="..\src\video\graphics\renderer\types\renderTarget.h">
      <Filter>src\video\graphics\renderer\types</Filter>
    </ClInclude>
    <ClInclude Include="..\src\core\resources\resourceManager.h">
      <Filter>src\core\resources</Filter>
    </ClInclude>
    <ClInclude Include="..\src\core\resources\smartPtr.h">
      <Filter>src\core\resources</Filter>
    </ClInclude>
    <ClInclude Include="..\src\core\resources\ownership\refLink.h">
      <Filter>src\core\resources\ownership</Filter>
    </ClInclude>
    <ClInclude Include="..\src\core\resources\creator\virtualConstructor.h">
      <Filter>src\core\resources\creator</Filter>
    </ClInclude>
    <ClInclude Include="..\src\video\graphics\driver\openGL\openGL.h">
      <Filter>src\video\graphics\driver\OpenGL</Filter>
    </ClInclude>
    <ClInclude Include="..\src\core\platform\osHandler.h">
      <Filter>src\core\platform</Filter>
    </ClInclude>
    <ClInclude Include="..\src\core\platform\platform.h">
      <Filter>src\core\platform</Filter>
    </ClInclude>
    <ClInclude Include="..\src\core\platform\fileSystem\file.h">
      <Filter>src\core\platform\fileSystem</Filter>
    </ClInclude>
    <ClInclude Include="..\src\core\platform\fileSystem\fileSystem.h">
      <Filter>src\core\platform\fileSystem</Filter>
    </ClInclude>
    <ClInclude Include="..\src\core\resources\creator\stringConstructor.h">
      <Filter>src\core\resources\creator</Filter>
    </ClInclude>
    <ClInclude Include="..\src\core\resources\namedResourceMgr.h">
      <Filter>src\core\resources</Filter>
    </ClInclude>
    <ClInclude Include="..\src\video\graphics\renderer\backend\rendererBackEnd.h">
      <Filter>src\video\graphics\renderer\backend</Filter>
    </ClInclude>
    <ClInclude Include="..\src\video\graphics\renderer\forward\forwardRenderer.h">
      <Filter>src\video\graphics\renderer\forward</Filter>
    </ClInclude>
    <ClInclude Include="..\src\util\app\app3d.h">
      <Filter>src\util\app</Filter>
    </ClInclude>
    <ClInclude Include="..\src\game\geometry\procedural\basic.h">
      <Filter>src\game\geometry\procedural</Filter>
    </ClInclude>
    <ClInclude Include="..\src\core\components\component.h">
      <Filter>src\core\components</Filter>
    </ClInclude>
    <ClInclude Include="..\src\core\components\sceneNode.h">
      <Filter>src\core\components</Filter>
    </ClInclude>
    <ClInclude Include="..\src\core\components\transformSrc.h">
      <Filter>src\core\components</Filter>
    </ClInclude>
    <ClInclude Include="..\src\engine.h">
      <Filter>src</Filter>
    </ClInclude>
    <ClInclude Include="..\lib\cjson\json.h">
      <Filter>libs\cjson</Filter>
    </ClInclude>
    <ClInclude Include="..\lib\cjson\JsonIterator.h">
      <Filter>libs\cjson</Filter>
    </ClInclude>
    <ClInclude Include="..\lib\cjson\parser.h">
      <Filter>libs\cjson</Filter>
    </ClInclude>
    <ClInclude Include="..\lib\cjson\serializer.h">
      <Filter>libs\cjson</Filter>
    </ClInclude>
    <ClInclude Include="..\src\core\world\world.h">
      <Filter>src\core\world</Filter>
    </ClInclude>
    <ClInclude Include="..\src\core\world\worldLayer.h">
      <Filter>src\core\world</Filter>
    </ClInclude>
    <ClInclude Include="..\src\core\types\typeTraits.h">
      <Filter>src\core\types</Filter>
    </ClInclude>
    <ClInclude Include="..\src\core\event.h">
      <Filter>src\core</Filter>
    </ClInclude>
    <ClInclude Include="..\src\game\scene\transform\flybySrc.h">
      <Filter>src\game\scene</Filter>
    </ClInclude>
    <ClInclude Include="..\src\game\logicComponent.h">
      <Filter>src\game</Filter>
    </ClInclude>
    <ClInclude Include="..\src\game\logicLayer.h">
      <Filter>src\game</Filter>
    </ClInclude>
    <ClInclude Include="..\src\game\sceneLoader.h">
      <Filter>src\game</Filter>
    </ClInclude>
    <ClInclude Include="..\src\video\window\window.h">
      <Filter>src\video\window</Filter>
    </ClInclude>
    <ClInclude Include="..\src\video\window\windowAndroid.h">
      <Filter>src\video\window</Filter>
    </ClInclude>
  </ItemGroup>
  <ItemGroup>
    <Filter Include="libs">
      <UniqueIdentifier>{4ef88cc5-07d4-44af-b3a3-3886670f5090}</UniqueIdentifier>
    </Filter>
    <Filter Include="src">
      <UniqueIdentifier>{591d6b4a-e73d-4967-bb70-c2dc181ea228}</UniqueIdentifier>
    </Filter>
    <Filter Include="src\core">
      <UniqueIdentifier>{12fc273b-a96a-43ee-bfdb-a89ded154997}</UniqueIdentifier>
    </Filter>
    <Filter Include="src\core\time">
      <UniqueIdentifier>{bcad4503-73bb-41ff-bb41-c4323d0528b1}</UniqueIdentifier>
    </Filter>
    <Filter Include="src\core\resources">
      <UniqueIdentifier>{7d8e75bc-2646-4717-aa85-de2f94159a86}</UniqueIdentifier>
    </Filter>
    <Filter Include="src\core\resources\creator">
      <UniqueIdentifier>{10a211d2-b99c-4a80-b5ec-13cebd5882c1}</UniqueIdentifier>
    </Filter>
    <Filter Include="src\core\resources\ownership">
      <UniqueIdentifier>{fd5bbb9a-dd3a-4b07-930c-a150bb5792c8}</UniqueIdentifier>
    </Filter>
    <Filter Include="src\core\platform">
      <UniqueIdentifier>{c639fddc-9fd5-4279-9f53-1952325d1742}</UniqueIdentifier>
    </Filter>
    <Filter Include="src\core\platform\fileSystem">
      <UniqueIdentifier>{a10d3394-7eee-481b-95f8-27f00b0bc6e5}</UniqueIdentifier>
    </Filter>
    <Filter Include="src\core\platform\fileSystem\android">
      <UniqueIdentifier>{991af5a8-69b7-426a-ae37-46c5fe76c388}</UniqueIdentifier>
    </Filter>
    <Filter Include="src\core\components">
      <UniqueIdentifier>{167b60ca-e1bc-4087-bf8a-a9a830acdf3d}</UniqueIdentifier>
    </Filter>
    <Filter Include="src\game">
      <UniqueIdentifier>{5e73803b-2bd8-48cd-8f02-9f317f45d358}</UniqueIdentifier>
    </Filter>
    <Filter Include="src\game\geometry">
      <UniqueIdentifier>{c9f42ec3-315b-40d2-b207-8e6f3d3b51d8}</UniqueIdentifier>
    </Filter>
    <Filter Include="src\game\geometry\procedural">
      <UniqueIdentifier>{958d0a7b-1c02-4032-aa86-af35582bc2c3}</UniqueIdentifier>
    </Filter>
    <Filter Include="src\game\scene">
      <UniqueIdentifier>{fdc36165-ea75-40db-b9dc-29a56c1a7471}</UniqueIdentifier>
    </Filter>
    <Filter Include="src\input">
      <UniqueIdentifier>{a15a28b9-91f7-4662-a29e-d21c67a05eff}</UniqueIdentifier>
    </Filter>
    <Filter Include="src\input\sensors">
      <UniqueIdentifier>{df4f7915-c45a-4787-81dc-32d64cd3cf6b}</UniqueIdentifier>
    </Filter>
    <Filter Include="src\math">
      <UniqueIdentifier>{797292fd-94a3-4294-869b-8675de955e42}</UniqueIdentifier>
    </Filter>
    <Filter Include="src\math\geometry">
      <UniqueIdentifier>{fe3cae3a-6f61-4e82-a523-b47d249b56c9}</UniqueIdentifier>
    </Filter>
    <Filter Include="src\math\algebra">
      <UniqueIdentifier>{3e9bcc80-536a-41ac-b13c-9b6f1477fef9}</UniqueIdentifier>
    </Filter>
    <Filter Include="src\video">
      <UniqueIdentifier>{9af3e320-9a0c-4650-9e85-9fb672f7a0a8}</UniqueIdentifier>
    </Filter>
    <Filter Include="src\video\graphics">
      <UniqueIdentifier>{f33c61c4-0be4-41be-abb4-40760b013be0}</UniqueIdentifier>
    </Filter>
    <Filter Include="src\video\graphics\driver">
      <UniqueIdentifier>{555d87d6-e01c-43e3-944c-f6d1a023f489}</UniqueIdentifier>
    </Filter>
    <Filter Include="src\video\graphics\driver\OpenGL">
      <UniqueIdentifier>{44750777-4df4-4df8-8bf2-02c966aadeb4}</UniqueIdentifier>
    </Filter>
    <Filter Include="src\video\graphics\driver\OpenGL\android">
      <UniqueIdentifier>{db5d693c-5bb9-43b5-8b3f-2f97669fbd25}</UniqueIdentifier>
    </Filter>
    <Filter Include="src\video\graphics\shader">
      <UniqueIdentifier>{40b234a9-cdd1-4fa5-948e-8eb681607298}</UniqueIdentifier>
    </Filter>
    <Filter Include="src\video\graphics\shader\openGL">
      <UniqueIdentifier>{022de77e-d6b5-4cc4-9dd3-1b2e87c33f58}</UniqueIdentifier>
    </Filter>
    <Filter Include="src\video\graphics\renderer">
      <UniqueIdentifier>{a76923d3-70c5-48e5-ab8d-531d24d6263a}</UniqueIdentifier>
    </Filter>
    <Filter Include="src\video\graphics\renderer\backend">
      <UniqueIdentifier>{e9be2d3c-f729-49dd-83b0-78ff71376245}</UniqueIdentifier>
    </Filter>
    <Filter Include="src\video\graphics\renderer\types">
      <UniqueIdentifier>{7b5fa294-5cf8-4655-8caf-5cb7d9f78d56}</UniqueIdentifier>
    </Filter>
    <Filter Include="src\video\graphics\renderer\forward">
      <UniqueIdentifier>{447c7047-c463-41e0-a541-2e8346ceab0b}</UniqueIdentifier>
    </Filter>
    <Filter Include="src\video\basicTypes">
      <UniqueIdentifier>{e62b1b3a-60a2-46d5-864e-274c29720621}</UniqueIdentifier>
    </Filter>
    <Filter Include="src\util">
      <UniqueIdentifier>{5ea0dc43-9554-4fd0-b8bf-430eaf5b3fcc}</UniqueIdentifier>
    </Filter>
    <Filter Include="src\util\app">
      <UniqueIdentifier>{28d5c1da-9270-4676-86d9-05ec3be8953a}</UniqueIdentifier>
    </Filter>
    <Filter Include="libs\cjson">
      <UniqueIdentifier>{fe6e20c1-573c-4b5a-89b7-3126be10fbe8}</UniqueIdentifier>
    </Filter>
    <Filter Include="src\core\world">
      <UniqueIdentifier>{a16f1092-54ef-4015-a9d8-34e674a6b0cc}</UniqueIdentifier>
    </Filter>
    <Filter Include="src\core\types">
      <UniqueIdentifier>{5681bab6-bf3a-4804-90da-1928e1ce2435}</UniqueIdentifier>
    </Filter>
    <Filter Include="src\game\scene\transform">
      <UniqueIdentifier>{7bc2435a-120b-4d7a-a4db-428e2e49a6e0}</UniqueIdentifier>
    </Filter>
    <Filter Include="src\video\window">
      <UniqueIdentifier>{4bc95aff-1590-4d92-9f9f-e29587066983}</UniqueIdentifier>
    </Filter>
  </ItemGroup>
  <ItemGroup>
    <ClCompile Include="..\src\math\noise.cpp">
      <Filter>src\math</Filter>
    </ClCompile>
    <ClCompile Include="..\src\core\time\time.cpp">
      <Filter>src\core\time</Filter>
    </ClCompile>
    <ClCompile Include="..\src\video\graphics\driver\openGL\openGLDriver.cpp">
      <Filter>src\video\graphics\driver\OpenGL</Filter>
    </ClCompile>
    <ClCompile Include="..\src\video\basicTypes\texture.cpp">
      <Filter>src\video\basicTypes</Filter>
    </ClCompile>
    <ClCompile Include="..\src\video\graphics\driver\openGL\android\openGLDriverAndroid.cpp">
      <Filter>src\video\graphics\driver\OpenGL\android</Filter>
    </ClCompile>
    <ClCompile Include="..\src\video\graphics\shader\shader.cpp">
      <Filter>src\video\graphics\shader</Filter>
    </ClCompile>
    <ClCompile Include="..\src\video\graphics\shader\openGL\openGLShader.cpp">
      <Filter>src\video\graphics\shader\openGL</Filter>
    </ClCompile>
    <ClCompile Include="..\src\core\platform\osHandler.cpp">
      <Filter>src\core\platform</Filter>
    </ClCompile>
    <ClCompile Include="..\src\core\platform\fileSystem\file.cpp">
      <Filter>src\core\platform\fileSystem</Filter>
    </ClCompile>
    <ClCompile Include="..\src\core\platform\fileSystem\fileSystem.cpp">
      <Filter>src\core\platform\fileSystem</Filter>
    </ClCompile>
    <ClCompile Include="..\src\video\graphics\renderer\backend\rendererBackEnd.cpp">
      <Filter>src\video\graphics\renderer\backend</Filter>
    </ClCompile>
    <ClCompile Include="..\src\video\graphics\renderer\forward\forwardRenderer.cpp">
      <Filter>src\video\graphics\renderer\forward</Filter>
    </ClCompile>
    <ClCompile Include="..\src\util\app\app3d.cpp">
      <Filter>src\util\app</Filter>
    </ClCompile>
    <ClCompile Include="..\src\game\geometry\procedural\basic.cpp">
      <Filter>src\game\geometry\procedural</Filter>
    </ClCompile>
    <ClCompile Include="..\src\core\components\component.cpp">
      <Filter>src\core\components</Filter>
    </ClCompile>
    <ClCompile Include="..\src\core\components\sceneNode.cpp">
      <Filter>src\core\components</Filter>
    </ClCompile>
    <ClCompile Include="..\src\core\components\transformSrc.cpp">
      <Filter>src\core\components</Filter>
    </ClCompile>
    <ClCompile Include="..\src\engine.cpp">
      <Filter>src</Filter>
    </ClCompile>
    <ClCompile Include="..\lib\cjson\json.cpp">
      <Filter>libs\cjson</Filter>
    </ClCompile>
    <ClCompile Include="..\lib\cjson\parser.cpp">
      <Filter>libs\cjson</Filter>
    </ClCompile>
    <ClCompile Include="..\lib\cjson\serializer.cpp">
      <Filter>libs\cjson</Filter>
    </ClCompile>
    <ClCompile Include="..\src\core\world\world.cpp">
      <Filter>src\core\world</Filter>
    </ClCompile>
    <ClCompile Include="..\src\game\scene\transform\flybySrc.cpp">
      <Filter>src\game\scene</Filter>
    </ClCompile>
    <ClCompile Include="..\src\game\sceneLoader.cpp">
      <Filter>src\game</Filter>
    </ClCompile>
  </ItemGroup>
  <ItemGroup>
    <None Include="..\src\math\algebra\matrix.inl">
      <Filter>src\math\algebra</Filter>
    </None>
    <None Include="..\src\math\algebra\vector.inl">
      <Filter>src\math\algebra</Filter>
    </None>
    <None Include="..\src\core\resources\resourceManager.inl">
      <Filter>src\core\resources</Filter>
    </None>
    <None Include="..\src\core\platform\osHandler.inl">
      <Filter>src\core\platform</Filter>
    </None>
    <None Include="..\src\core\platform\platform.inl">
      <Filter>src\core\platform</Filter>
    </None>
    <None Include="..\lib\cjson\json.inl">
      <Filter>libs\cjson</Filter>
    </None>
    <None Include="..\lib\cjson\JsonIterator.inl">
      <Filter>libs\cjson</Filter>
    </None>
  </ItemGroup>
</Project>